
Microsoft Visual Studio Solution File, Format Version 12.00
# Visual Studio 2012
Project("{2150E333-8FDC-42A3-9474-1A3956D46DE8}") = "Library", "Library", "{0FBFBAAB-7E43-4C4A-BCBC-93C5F090C614}"
EndProject
Project("{2150E333-8FDC-42A3-9474-1A3956D46DE8}") = "Client", "Client", "{070D2AE9-1E39-4974-B7F4-98764002CA25}"
EndProject
Project("{2150E333-8FDC-42A3-9474-1A3956D46DE8}") = "Common", "Common", "{33663DA7-03CD-4A5C-92E5-46701BCF8B36}"
EndProject
Project("{FAE04EC0-301F-11D3-BF4B-00C04F79EFBC}") = "Weave.Customizability", "Weave.Customizability\Weave.Customizability.csproj", "{177CCE16-AABD-4C84-9AC9-FD1E28F489D4}"
EndProject
Project("{FAE04EC0-301F-11D3-BF4B-00C04F79EFBC}") = "Weave.Data", "Weave.Data\Weave.Data.csproj", "{EC233A10-6022-42DD-9D28-9206535A8EAD}"
EndProject
Project("{FAE04EC0-301F-11D3-BF4B-00C04F79EFBC}") = "Weave.FeedLibrary", "Weave.FeedLibrary\Weave.FeedLibrary.csproj", "{9A2E38EF-127D-4A69-885D-AE5EFC7858FC}"
EndProject
Project("{FAE04EC0-301F-11D3-BF4B-00C04F79EFBC}") = "Weave.FeedSearchService", "Weave.FeedSearchService\Weave.FeedSearchService.csproj", "{E685135B-C889-4F51-96F9-69B968BEDF29}"
EndProject
Project("{FAE04EC0-301F-11D3-BF4B-00C04F79EFBC}") = "Weave.Mobilizer.Client", "Weave.Mobilizer.Client\Weave.Mobilizer.Client.csproj", "{435958BC-0027-4288-94BB-F14F844BE645}"
EndProject
Project("{FAE04EC0-301F-11D3-BF4B-00C04F79EFBC}") = "Weave.RSS", "Weave.RSS\Weave.RSS.csproj", "{25CD2B58-6F01-49F3-ACE6-492029C05E3B}"
EndProject
Project("{FAE04EC0-301F-11D3-BF4B-00C04F79EFBC}") = "Weave.LiveTile.ScheduledAgent", "Weave.LiveTile.ScheduledAgent\Weave.LiveTile.ScheduledAgent.csproj", "{099E7718-8767-47F4-AB1C-2DF71362AD06}"
EndProject
Project("{FAE04EC0-301F-11D3-BF4B-00C04F79EFBC}") = "Weave.NinjectKernel", "Weave.NinjectKernel\Weave.NinjectKernel.csproj", "{C9788E54-62AF-4F51-B48B-2C027228F82E}"
EndProject
Project("{FAE04EC0-301F-11D3-BF4B-00C04F79EFBC}") = "Weave.UI.SettingsPages", "Weave.UI.SettingsPages\Weave.UI.SettingsPages.csproj", "{F7DD85D6-5809-4D2F-AB5E-1CED0F6A6105}"
EndProject
Project("{FAE04EC0-301F-11D3-BF4B-00C04F79EFBC}") = "Weave4.0", "Weave\Weave4.0.csproj", "{10FF9361-A632-4424-9ED4-32208FAD73D4}"
EndProject
Project("{FAE04EC0-301F-11D3-BF4B-00C04F79EFBC}") = "Microsoft.Phone.Controls.Toolkit.WP8", "Silverlight for Windows Phone Toolkit Source & Sample - Oct 30 2012\Microsoft.Phone.Controls.Toolkit.WP8\Microsoft.Phone.Controls.Toolkit.WP8.csproj", "{486642F0-AB94-4F28-B49C-106CA3134239}"
EndProject
Project("{FAE04EC0-301F-11D3-BF4B-00C04F79EFBC}") = "SelesGames.Common", "SelesGames.Common\SelesGames.Common.csproj", "{824FCA1A-DCA7-4DF2-AC4A-B91254469261}"
EndProject
Project("{FAE04EC0-301F-11D3-BF4B-00C04F79EFBC}") = "SelesGames.Common.Reactive", "SelesGames.Common.Reactive\SelesGames.Common.Reactive.csproj", "{0AB5B0D6-A1C4-4B7E-8C8B-32FFEC480AB3}"
EndProject
Project("{FAE04EC0-301F-11D3-BF4B-00C04F79EFBC}") = "SelesGames.Instapaper", "SelesGames.Instapaper\SelesGames.Instapaper.csproj", "{60A15747-8A97-4E97-8130-132D9A1B8036}"
EndProject
Project("{FAE04EC0-301F-11D3-BF4B-00C04F79EFBC}") = "SelesGames.Phone", "SelesGames.Phone\SelesGames.Phone.csproj", "{4ADFA599-2A57-413A-BB47-5428DD9CE365}"
EndProject
Project("{FAE04EC0-301F-11D3-BF4B-00C04F79EFBC}") = "SelesGames.Phone.Controls", "SelesGames.Phone.Controls\SelesGames.Phone.Controls.csproj", "{F1427654-CE40-41B2-8BE8-CA195CB334F6}"
EndProject
Project("{FAE04EC0-301F-11D3-BF4B-00C04F79EFBC}") = "SelesGames.Phone.UI", "SelesGames.Phone.UI\SelesGames.Phone.UI.csproj", "{44789FF4-AC39-4FC8-9998-1F9BFD3F97F2}"
EndProject
Project("{FAE04EC0-301F-11D3-BF4B-00C04F79EFBC}") = "SelesGames.Rest", "SelesGames.Rest\SelesGames.Rest.csproj", "{DBC9F99C-29A8-4362-AD9D-BD1DE0597529}"
EndProject
Project("{FAE04EC0-301F-11D3-BF4B-00C04F79EFBC}") = "SelesGames.Rest.JsonDotNet", "SelesGames.Rest.JsonDotNet\SelesGames.Rest.JsonDotNet.csproj", "{753AE27A-87EB-4C38-827B-8202FD0903FA}"
EndProject
Project("{FAE04EC0-301F-11D3-BF4B-00C04F79EFBC}") = "SelesGames.Rest.Protobuf", "SelesGames.Rest.Protobuf\SelesGames.Rest.Protobuf.csproj", "{92538D48-A044-4BD6-A969-2CB5C0A2169A}"
EndProject
Project("{FAE04EC0-301F-11D3-BF4B-00C04F79EFBC}") = "SelesGames.UI.Advertising", "SelesGames.UI.Advertising\SelesGames.UI.Advertising.csproj", "{E6306A9C-83D5-4C61-89A3-9A6E4BC15C5A}"
EndProject
Project("{FAE04EC0-301F-11D3-BF4B-00C04F79EFBC}") = "SelesGames.UI.Color", "SelesGames.UI.Color\SelesGames.UI.Color.csproj", "{416F3DD2-E884-4DB3-AE23-5E77D3E24D87}"
EndProject
Project("{FAE04EC0-301F-11D3-BF4B-00C04F79EFBC}") = "SelesGames.WP.IsoStorage", "SelesGames.WP.IsoStorage\SelesGames.WP.IsoStorage.csproj", "{481B8D82-87B3-4E43-B4FB-B81196EBD11D}"
EndProject
Project("{FAE04EC0-301F-11D3-BF4B-00C04F79EFBC}") = "SelesGames.WP.IsoStorage.Protobuf", "SelesGames.WP.IsoStorage.Protobuf\SelesGames.WP.IsoStorage.Protobuf.csproj", "{E097DBFA-C911-49ED-9189-0ACEB2AE2976}"
EndProject
Project("{FAE04EC0-301F-11D3-BF4B-00C04F79EFBC}") = "SelesGames.WP.PublisherInfoPage", "SelesGames.WP.PublisherInfoPage\SelesGames.WP.PublisherInfoPage.csproj", "{48F5F213-E352-4B14-8DE9-80415AFA15CE}"
EndProject
Project("{FAE04EC0-301F-11D3-BF4B-00C04F79EFBC}") = "ToastPromptControl", "ToastPromptControl\ToastPromptControl.csproj", "{09AC45C7-27E8-4A39-B2C4-0031111595D5}"
EndProject
Project("{2150E333-8FDC-42A3-9474-1A3956D46DE8}") = "Advertising", "Advertising", "{08D34871-AC83-46CD-B0D1-2325E2F492C5}"
EndProject
Project("{FAE04EC0-301F-11D3-BF4B-00C04F79EFBC}") = "SelesGames.UI.Advertising.MillennialMedia", "SelesGames.UI.Advertising.MillennialMedia\SelesGames.UI.Advertising.MillennialMedia.csproj", "{59902EDE-3578-414E-A290-667093009567}"
EndProject
Project("{FAE04EC0-301F-11D3-BF4B-00C04F79EFBC}") = "SelesGames.UI.Advertising.MobFox", "SelesGames.UI.Advertising.MobFox\SelesGames.UI.Advertising.MobFox.csproj", "{57829D03-1D27-4FC2-BE5A-6FD51AACBC71}"
EndProject
Project("{FAE04EC0-301F-11D3-BF4B-00C04F79EFBC}") = "Weave.User.Service.Client", "Weave.UserFeedAggregator.Client\Weave.User.Service.Client.csproj", "{4F5D363A-1F0F-4B12-8859-2A083E8ACBAF}"
EndProject
Project("{FAE04EC0-301F-11D3-BF4B-00C04F79EFBC}") = "Weave.ViewModels", "..\..\Weave.Portable\Weave.ViewModels\Weave.ViewModels.csproj", "{0F188FC9-D10C-48DB-917A-FF1CB9C8E795}"
EndProject
Project("{FAE04EC0-301F-11D3-BF4B-00C04F79EFBC}") = "Weave.ViewModels.Repository", "..\..\Weave.Portable\Weave.ViewModels.Repository\Weave.ViewModels.Repository.csproj", "{D326F8C2-8DCF-43D4-9BAD-BC07CA6D6CCE}"
EndProject
Project("{FAE04EC0-301F-11D3-BF4B-00C04F79EFBC}") = "Weave.Mobilizer.DTOs", "..\..\Weave.Portable\Weave.Mobilizer.DTOs\Weave.Mobilizer.DTOs.csproj", "{0A9019E4-E76F-4FAC-A5C7-70F32CF5E2C1}"
EndProject
Project("{FAE04EC0-301F-11D3-BF4B-00C04F79EFBC}") = "Weave.Identity.Service.Contracts", "..\..\Weave.Portable\Weave.Identity.Service.Contracts\Weave.Identity.Service.Contracts.csproj", "{CCE98720-6054-4EF8-BA8C-14821B35EC1D}"
EndProject
Project("{FAE04EC0-301F-11D3-BF4B-00C04F79EFBC}") = "Weave.Identity.Service.DTOs", "..\..\Weave.Portable\Weave.Identity.Service.DTOs\Weave.Identity.Service.DTOs.csproj", "{6FA5AC47-653A-4634-8BCA-CF68BA33F884}"
EndProject
Project("{FAE04EC0-301F-11D3-BF4B-00C04F79EFBC}") = "Weave.Identity.Service.Client", "Weave.Identity.Service.Client\Weave.Identity.Service.Client.csproj", "{138ABB5D-6F58-4D53-840A-9B02A3A11AC5}"
EndProject
Project("{FAE04EC0-301F-11D3-BF4B-00C04F79EFBC}") = "PhoneNugetPackageLoader", "PhoneNugetPackageLoader\PhoneNugetPackageLoader.csproj", "{4DE08ED8-9EBD-4295-B36D-3A785805C2E9}"
EndProject
Project("{FAE04EC0-301F-11D3-BF4B-00C04F79EFBC}") = "Weave.User.Service.DTOs", "..\..\Weave.Portable\Weave.User.Service.DTOs\Weave.User.Service.DTOs.csproj", "{75F2F4B1-BEB2-4AC6-A935-5A795C5A79A0}"
EndProject
Project("{FAE04EC0-301F-11D3-BF4B-00C04F79EFBC}") = "Weave.User.Service.Contracts", "..\..\Weave.Portable\Weave.User.Service.Contracts\Weave.User.Service.Contracts.csproj", "{02F3363F-7B0F-4C5F-9123-B388F2870C35}"
EndProject
Global
	GlobalSection(SolutionConfigurationPlatforms) = preSolution
		Debug|Any CPU = Debug|Any CPU
		Debug|ARM = Debug|ARM
		Debug|x86 = Debug|x86
		LiveTileTest|Any CPU = LiveTileTest|Any CPU
		LiveTileTest|ARM = LiveTileTest|ARM
		LiveTileTest|x86 = LiveTileTest|x86
		Release|Any CPU = Release|Any CPU
		Release|ARM = Release|ARM
		Release|x86 = Release|x86
	EndGlobalSection
	GlobalSection(ProjectConfigurationPlatforms) = postSolution
		{177CCE16-AABD-4C84-9AC9-FD1E28F489D4}.Debug|Any CPU.ActiveCfg = Debug|Any CPU
		{177CCE16-AABD-4C84-9AC9-FD1E28F489D4}.Debug|Any CPU.Build.0 = Debug|Any CPU
		{177CCE16-AABD-4C84-9AC9-FD1E28F489D4}.Debug|ARM.ActiveCfg = Debug|ARM
		{177CCE16-AABD-4C84-9AC9-FD1E28F489D4}.Debug|ARM.Build.0 = Debug|ARM
		{177CCE16-AABD-4C84-9AC9-FD1E28F489D4}.Debug|x86.ActiveCfg = Debug|x86
		{177CCE16-AABD-4C84-9AC9-FD1E28F489D4}.Debug|x86.Build.0 = Debug|x86
		{177CCE16-AABD-4C84-9AC9-FD1E28F489D4}.LiveTileTest|Any CPU.ActiveCfg = Debug|Any CPU
		{177CCE16-AABD-4C84-9AC9-FD1E28F489D4}.LiveTileTest|Any CPU.Build.0 = Debug|Any CPU
		{177CCE16-AABD-4C84-9AC9-FD1E28F489D4}.LiveTileTest|ARM.ActiveCfg = Release|ARM
		{177CCE16-AABD-4C84-9AC9-FD1E28F489D4}.LiveTileTest|ARM.Build.0 = Release|ARM
		{177CCE16-AABD-4C84-9AC9-FD1E28F489D4}.LiveTileTest|x86.ActiveCfg = Release|x86
		{177CCE16-AABD-4C84-9AC9-FD1E28F489D4}.LiveTileTest|x86.Build.0 = Release|x86
		{177CCE16-AABD-4C84-9AC9-FD1E28F489D4}.Release|Any CPU.ActiveCfg = Release|Any CPU
		{177CCE16-AABD-4C84-9AC9-FD1E28F489D4}.Release|Any CPU.Build.0 = Release|Any CPU
		{177CCE16-AABD-4C84-9AC9-FD1E28F489D4}.Release|ARM.ActiveCfg = Release|ARM
		{177CCE16-AABD-4C84-9AC9-FD1E28F489D4}.Release|ARM.Build.0 = Release|ARM
		{177CCE16-AABD-4C84-9AC9-FD1E28F489D4}.Release|x86.ActiveCfg = Release|x86
		{177CCE16-AABD-4C84-9AC9-FD1E28F489D4}.Release|x86.Build.0 = Release|x86
		{EC233A10-6022-42DD-9D28-9206535A8EAD}.Debug|Any CPU.ActiveCfg = Debug|Any CPU
		{EC233A10-6022-42DD-9D28-9206535A8EAD}.Debug|Any CPU.Build.0 = Debug|Any CPU
		{EC233A10-6022-42DD-9D28-9206535A8EAD}.Debug|ARM.ActiveCfg = Debug|ARM
		{EC233A10-6022-42DD-9D28-9206535A8EAD}.Debug|ARM.Build.0 = Debug|ARM
		{EC233A10-6022-42DD-9D28-9206535A8EAD}.Debug|x86.ActiveCfg = Debug|x86
		{EC233A10-6022-42DD-9D28-9206535A8EAD}.Debug|x86.Build.0 = Debug|x86
		{EC233A10-6022-42DD-9D28-9206535A8EAD}.LiveTileTest|Any CPU.ActiveCfg = Debug|Any CPU
		{EC233A10-6022-42DD-9D28-9206535A8EAD}.LiveTileTest|Any CPU.Build.0 = Debug|Any CPU
		{EC233A10-6022-42DD-9D28-9206535A8EAD}.LiveTileTest|ARM.ActiveCfg = Release|ARM
		{EC233A10-6022-42DD-9D28-9206535A8EAD}.LiveTileTest|ARM.Build.0 = Release|ARM
		{EC233A10-6022-42DD-9D28-9206535A8EAD}.LiveTileTest|x86.ActiveCfg = Release|x86
		{EC233A10-6022-42DD-9D28-9206535A8EAD}.LiveTileTest|x86.Build.0 = Release|x86
		{EC233A10-6022-42DD-9D28-9206535A8EAD}.Release|Any CPU.ActiveCfg = Release|Any CPU
		{EC233A10-6022-42DD-9D28-9206535A8EAD}.Release|Any CPU.Build.0 = Release|Any CPU
		{EC233A10-6022-42DD-9D28-9206535A8EAD}.Release|ARM.ActiveCfg = Release|ARM
		{EC233A10-6022-42DD-9D28-9206535A8EAD}.Release|ARM.Build.0 = Release|ARM
		{EC233A10-6022-42DD-9D28-9206535A8EAD}.Release|x86.ActiveCfg = Release|x86
		{EC233A10-6022-42DD-9D28-9206535A8EAD}.Release|x86.Build.0 = Release|x86
		{9A2E38EF-127D-4A69-885D-AE5EFC7858FC}.Debug|Any CPU.ActiveCfg = Debug|Any CPU
		{9A2E38EF-127D-4A69-885D-AE5EFC7858FC}.Debug|Any CPU.Build.0 = Debug|Any CPU
		{9A2E38EF-127D-4A69-885D-AE5EFC7858FC}.Debug|ARM.ActiveCfg = Debug|ARM
		{9A2E38EF-127D-4A69-885D-AE5EFC7858FC}.Debug|ARM.Build.0 = Debug|ARM
		{9A2E38EF-127D-4A69-885D-AE5EFC7858FC}.Debug|x86.ActiveCfg = Debug|x86
		{9A2E38EF-127D-4A69-885D-AE5EFC7858FC}.Debug|x86.Build.0 = Debug|x86
		{9A2E38EF-127D-4A69-885D-AE5EFC7858FC}.LiveTileTest|Any CPU.ActiveCfg = Debug|Any CPU
		{9A2E38EF-127D-4A69-885D-AE5EFC7858FC}.LiveTileTest|Any CPU.Build.0 = Debug|Any CPU
		{9A2E38EF-127D-4A69-885D-AE5EFC7858FC}.LiveTileTest|ARM.ActiveCfg = Release|ARM
		{9A2E38EF-127D-4A69-885D-AE5EFC7858FC}.LiveTileTest|ARM.Build.0 = Release|ARM
		{9A2E38EF-127D-4A69-885D-AE5EFC7858FC}.LiveTileTest|x86.ActiveCfg = Release|x86
		{9A2E38EF-127D-4A69-885D-AE5EFC7858FC}.LiveTileTest|x86.Build.0 = Release|x86
		{9A2E38EF-127D-4A69-885D-AE5EFC7858FC}.Release|Any CPU.ActiveCfg = Release|Any CPU
		{9A2E38EF-127D-4A69-885D-AE5EFC7858FC}.Release|Any CPU.Build.0 = Release|Any CPU
		{9A2E38EF-127D-4A69-885D-AE5EFC7858FC}.Release|ARM.ActiveCfg = Release|ARM
		{9A2E38EF-127D-4A69-885D-AE5EFC7858FC}.Release|ARM.Build.0 = Release|ARM
		{9A2E38EF-127D-4A69-885D-AE5EFC7858FC}.Release|x86.ActiveCfg = Release|x86
		{9A2E38EF-127D-4A69-885D-AE5EFC7858FC}.Release|x86.Build.0 = Release|x86
		{E685135B-C889-4F51-96F9-69B968BEDF29}.Debug|Any CPU.ActiveCfg = Debug|Any CPU
		{E685135B-C889-4F51-96F9-69B968BEDF29}.Debug|Any CPU.Build.0 = Debug|Any CPU
		{E685135B-C889-4F51-96F9-69B968BEDF29}.Debug|ARM.ActiveCfg = Debug|ARM
		{E685135B-C889-4F51-96F9-69B968BEDF29}.Debug|ARM.Build.0 = Debug|ARM
		{E685135B-C889-4F51-96F9-69B968BEDF29}.Debug|x86.ActiveCfg = Debug|x86
		{E685135B-C889-4F51-96F9-69B968BEDF29}.Debug|x86.Build.0 = Debug|x86
		{E685135B-C889-4F51-96F9-69B968BEDF29}.LiveTileTest|Any CPU.ActiveCfg = Debug|Any CPU
		{E685135B-C889-4F51-96F9-69B968BEDF29}.LiveTileTest|Any CPU.Build.0 = Debug|Any CPU
		{E685135B-C889-4F51-96F9-69B968BEDF29}.LiveTileTest|ARM.ActiveCfg = Release|ARM
		{E685135B-C889-4F51-96F9-69B968BEDF29}.LiveTileTest|ARM.Build.0 = Release|ARM
		{E685135B-C889-4F51-96F9-69B968BEDF29}.LiveTileTest|x86.ActiveCfg = Release|x86
		{E685135B-C889-4F51-96F9-69B968BEDF29}.LiveTileTest|x86.Build.0 = Release|x86
		{E685135B-C889-4F51-96F9-69B968BEDF29}.Release|Any CPU.ActiveCfg = Release|Any CPU
		{E685135B-C889-4F51-96F9-69B968BEDF29}.Release|Any CPU.Build.0 = Release|Any CPU
		{E685135B-C889-4F51-96F9-69B968BEDF29}.Release|ARM.ActiveCfg = Release|ARM
		{E685135B-C889-4F51-96F9-69B968BEDF29}.Release|ARM.Build.0 = Release|ARM
		{E685135B-C889-4F51-96F9-69B968BEDF29}.Release|x86.ActiveCfg = Release|x86
		{E685135B-C889-4F51-96F9-69B968BEDF29}.Release|x86.Build.0 = Release|x86
		{435958BC-0027-4288-94BB-F14F844BE645}.Debug|Any CPU.ActiveCfg = Debug|Any CPU
		{435958BC-0027-4288-94BB-F14F844BE645}.Debug|Any CPU.Build.0 = Debug|Any CPU
		{435958BC-0027-4288-94BB-F14F844BE645}.Debug|ARM.ActiveCfg = Debug|ARM
		{435958BC-0027-4288-94BB-F14F844BE645}.Debug|ARM.Build.0 = Debug|ARM
		{435958BC-0027-4288-94BB-F14F844BE645}.Debug|x86.ActiveCfg = Debug|x86
		{435958BC-0027-4288-94BB-F14F844BE645}.Debug|x86.Build.0 = Debug|x86
		{435958BC-0027-4288-94BB-F14F844BE645}.LiveTileTest|Any CPU.ActiveCfg = Debug|Any CPU
		{435958BC-0027-4288-94BB-F14F844BE645}.LiveTileTest|Any CPU.Build.0 = Debug|Any CPU
		{435958BC-0027-4288-94BB-F14F844BE645}.LiveTileTest|ARM.ActiveCfg = Release|ARM
		{435958BC-0027-4288-94BB-F14F844BE645}.LiveTileTest|ARM.Build.0 = Release|ARM
		{435958BC-0027-4288-94BB-F14F844BE645}.LiveTileTest|x86.ActiveCfg = Release|x86
		{435958BC-0027-4288-94BB-F14F844BE645}.LiveTileTest|x86.Build.0 = Release|x86
		{435958BC-0027-4288-94BB-F14F844BE645}.Release|Any CPU.ActiveCfg = Release|Any CPU
		{435958BC-0027-4288-94BB-F14F844BE645}.Release|Any CPU.Build.0 = Release|Any CPU
		{435958BC-0027-4288-94BB-F14F844BE645}.Release|ARM.ActiveCfg = Release|ARM
		{435958BC-0027-4288-94BB-F14F844BE645}.Release|ARM.Build.0 = Release|ARM
		{435958BC-0027-4288-94BB-F14F844BE645}.Release|x86.ActiveCfg = Release|x86
		{435958BC-0027-4288-94BB-F14F844BE645}.Release|x86.Build.0 = Release|x86
		{25CD2B58-6F01-49F3-ACE6-492029C05E3B}.Debug|Any CPU.ActiveCfg = Debug|Any CPU
		{25CD2B58-6F01-49F3-ACE6-492029C05E3B}.Debug|Any CPU.Build.0 = Debug|Any CPU
		{25CD2B58-6F01-49F3-ACE6-492029C05E3B}.Debug|ARM.ActiveCfg = Debug|ARM
		{25CD2B58-6F01-49F3-ACE6-492029C05E3B}.Debug|ARM.Build.0 = Debug|ARM
		{25CD2B58-6F01-49F3-ACE6-492029C05E3B}.Debug|x86.ActiveCfg = Debug|x86
		{25CD2B58-6F01-49F3-ACE6-492029C05E3B}.Debug|x86.Build.0 = Debug|x86
		{25CD2B58-6F01-49F3-ACE6-492029C05E3B}.LiveTileTest|Any CPU.ActiveCfg = Debug|Any CPU
		{25CD2B58-6F01-49F3-ACE6-492029C05E3B}.LiveTileTest|Any CPU.Build.0 = Debug|Any CPU
		{25CD2B58-6F01-49F3-ACE6-492029C05E3B}.LiveTileTest|ARM.ActiveCfg = Release|ARM
		{25CD2B58-6F01-49F3-ACE6-492029C05E3B}.LiveTileTest|ARM.Build.0 = Release|ARM
		{25CD2B58-6F01-49F3-ACE6-492029C05E3B}.LiveTileTest|x86.ActiveCfg = Release|x86
		{25CD2B58-6F01-49F3-ACE6-492029C05E3B}.LiveTileTest|x86.Build.0 = Release|x86
		{25CD2B58-6F01-49F3-ACE6-492029C05E3B}.Release|Any CPU.ActiveCfg = Release|Any CPU
		{25CD2B58-6F01-49F3-ACE6-492029C05E3B}.Release|Any CPU.Build.0 = Release|Any CPU
		{25CD2B58-6F01-49F3-ACE6-492029C05E3B}.Release|ARM.ActiveCfg = Release|ARM
		{25CD2B58-6F01-49F3-ACE6-492029C05E3B}.Release|ARM.Build.0 = Release|ARM
		{25CD2B58-6F01-49F3-ACE6-492029C05E3B}.Release|x86.ActiveCfg = Release|x86
		{25CD2B58-6F01-49F3-ACE6-492029C05E3B}.Release|x86.Build.0 = Release|x86
		{099E7718-8767-47F4-AB1C-2DF71362AD06}.Debug|Any CPU.ActiveCfg = Debug|Any CPU
		{099E7718-8767-47F4-AB1C-2DF71362AD06}.Debug|Any CPU.Build.0 = Debug|Any CPU
		{099E7718-8767-47F4-AB1C-2DF71362AD06}.Debug|ARM.ActiveCfg = Debug|ARM
		{099E7718-8767-47F4-AB1C-2DF71362AD06}.Debug|ARM.Build.0 = Debug|ARM
		{099E7718-8767-47F4-AB1C-2DF71362AD06}.Debug|x86.ActiveCfg = Debug|x86
		{099E7718-8767-47F4-AB1C-2DF71362AD06}.Debug|x86.Build.0 = Debug|x86
		{099E7718-8767-47F4-AB1C-2DF71362AD06}.LiveTileTest|Any CPU.ActiveCfg = Debug|Any CPU
		{099E7718-8767-47F4-AB1C-2DF71362AD06}.LiveTileTest|Any CPU.Build.0 = Debug|Any CPU
		{099E7718-8767-47F4-AB1C-2DF71362AD06}.LiveTileTest|ARM.ActiveCfg = Release|ARM
		{099E7718-8767-47F4-AB1C-2DF71362AD06}.LiveTileTest|ARM.Build.0 = Release|ARM
		{099E7718-8767-47F4-AB1C-2DF71362AD06}.LiveTileTest|x86.ActiveCfg = Release|x86
		{099E7718-8767-47F4-AB1C-2DF71362AD06}.LiveTileTest|x86.Build.0 = Release|x86
		{099E7718-8767-47F4-AB1C-2DF71362AD06}.Release|Any CPU.ActiveCfg = Release|Any CPU
		{099E7718-8767-47F4-AB1C-2DF71362AD06}.Release|Any CPU.Build.0 = Release|Any CPU
		{099E7718-8767-47F4-AB1C-2DF71362AD06}.Release|ARM.ActiveCfg = Release|ARM
		{099E7718-8767-47F4-AB1C-2DF71362AD06}.Release|ARM.Build.0 = Release|ARM
		{099E7718-8767-47F4-AB1C-2DF71362AD06}.Release|x86.ActiveCfg = Release|x86
		{099E7718-8767-47F4-AB1C-2DF71362AD06}.Release|x86.Build.0 = Release|x86
		{C9788E54-62AF-4F51-B48B-2C027228F82E}.Debug|Any CPU.ActiveCfg = Debug|Any CPU
		{C9788E54-62AF-4F51-B48B-2C027228F82E}.Debug|Any CPU.Build.0 = Debug|Any CPU
		{C9788E54-62AF-4F51-B48B-2C027228F82E}.Debug|ARM.ActiveCfg = Debug|ARM
		{C9788E54-62AF-4F51-B48B-2C027228F82E}.Debug|ARM.Build.0 = Debug|ARM
		{C9788E54-62AF-4F51-B48B-2C027228F82E}.Debug|x86.ActiveCfg = Debug|x86
		{C9788E54-62AF-4F51-B48B-2C027228F82E}.Debug|x86.Build.0 = Debug|x86
		{C9788E54-62AF-4F51-B48B-2C027228F82E}.LiveTileTest|Any CPU.ActiveCfg = Debug|Any CPU
		{C9788E54-62AF-4F51-B48B-2C027228F82E}.LiveTileTest|Any CPU.Build.0 = Debug|Any CPU
		{C9788E54-62AF-4F51-B48B-2C027228F82E}.LiveTileTest|ARM.ActiveCfg = Release|ARM
		{C9788E54-62AF-4F51-B48B-2C027228F82E}.LiveTileTest|ARM.Build.0 = Release|ARM
		{C9788E54-62AF-4F51-B48B-2C027228F82E}.LiveTileTest|x86.ActiveCfg = Release|x86
		{C9788E54-62AF-4F51-B48B-2C027228F82E}.LiveTileTest|x86.Build.0 = Release|x86
		{C9788E54-62AF-4F51-B48B-2C027228F82E}.Release|Any CPU.ActiveCfg = Release|Any CPU
		{C9788E54-62AF-4F51-B48B-2C027228F82E}.Release|Any CPU.Build.0 = Release|Any CPU
		{C9788E54-62AF-4F51-B48B-2C027228F82E}.Release|ARM.ActiveCfg = Release|ARM
		{C9788E54-62AF-4F51-B48B-2C027228F82E}.Release|ARM.Build.0 = Release|ARM
		{C9788E54-62AF-4F51-B48B-2C027228F82E}.Release|x86.ActiveCfg = Release|x86
		{C9788E54-62AF-4F51-B48B-2C027228F82E}.Release|x86.Build.0 = Release|x86
		{F7DD85D6-5809-4D2F-AB5E-1CED0F6A6105}.Debug|Any CPU.ActiveCfg = Debug|Any CPU
		{F7DD85D6-5809-4D2F-AB5E-1CED0F6A6105}.Debug|Any CPU.Build.0 = Debug|Any CPU
		{F7DD85D6-5809-4D2F-AB5E-1CED0F6A6105}.Debug|ARM.ActiveCfg = Debug|ARM
		{F7DD85D6-5809-4D2F-AB5E-1CED0F6A6105}.Debug|ARM.Build.0 = Debug|ARM
		{F7DD85D6-5809-4D2F-AB5E-1CED0F6A6105}.Debug|x86.ActiveCfg = Debug|x86
		{F7DD85D6-5809-4D2F-AB5E-1CED0F6A6105}.Debug|x86.Build.0 = Debug|x86
		{F7DD85D6-5809-4D2F-AB5E-1CED0F6A6105}.LiveTileTest|Any CPU.ActiveCfg = Debug|Any CPU
		{F7DD85D6-5809-4D2F-AB5E-1CED0F6A6105}.LiveTileTest|Any CPU.Build.0 = Debug|Any CPU
		{F7DD85D6-5809-4D2F-AB5E-1CED0F6A6105}.LiveTileTest|ARM.ActiveCfg = Release|ARM
		{F7DD85D6-5809-4D2F-AB5E-1CED0F6A6105}.LiveTileTest|ARM.Build.0 = Release|ARM
		{F7DD85D6-5809-4D2F-AB5E-1CED0F6A6105}.LiveTileTest|x86.ActiveCfg = Release|x86
		{F7DD85D6-5809-4D2F-AB5E-1CED0F6A6105}.LiveTileTest|x86.Build.0 = Release|x86
		{F7DD85D6-5809-4D2F-AB5E-1CED0F6A6105}.Release|Any CPU.ActiveCfg = Release|Any CPU
		{F7DD85D6-5809-4D2F-AB5E-1CED0F6A6105}.Release|Any CPU.Build.0 = Release|Any CPU
		{F7DD85D6-5809-4D2F-AB5E-1CED0F6A6105}.Release|ARM.ActiveCfg = Release|ARM
		{F7DD85D6-5809-4D2F-AB5E-1CED0F6A6105}.Release|ARM.Build.0 = Release|ARM
		{F7DD85D6-5809-4D2F-AB5E-1CED0F6A6105}.Release|x86.ActiveCfg = Release|x86
		{F7DD85D6-5809-4D2F-AB5E-1CED0F6A6105}.Release|x86.Build.0 = Release|x86
		{10FF9361-A632-4424-9ED4-32208FAD73D4}.Debug|Any CPU.ActiveCfg = Debug|Any CPU
		{10FF9361-A632-4424-9ED4-32208FAD73D4}.Debug|Any CPU.Build.0 = Debug|Any CPU
		{10FF9361-A632-4424-9ED4-32208FAD73D4}.Debug|Any CPU.Deploy.0 = Debug|Any CPU
		{10FF9361-A632-4424-9ED4-32208FAD73D4}.Debug|ARM.ActiveCfg = Debug|ARM
		{10FF9361-A632-4424-9ED4-32208FAD73D4}.Debug|ARM.Build.0 = Debug|ARM
		{10FF9361-A632-4424-9ED4-32208FAD73D4}.Debug|ARM.Deploy.0 = Debug|ARM
		{10FF9361-A632-4424-9ED4-32208FAD73D4}.Debug|x86.ActiveCfg = Debug|x86
		{10FF9361-A632-4424-9ED4-32208FAD73D4}.Debug|x86.Build.0 = Debug|x86
		{10FF9361-A632-4424-9ED4-32208FAD73D4}.Debug|x86.Deploy.0 = Debug|x86
		{10FF9361-A632-4424-9ED4-32208FAD73D4}.LiveTileTest|Any CPU.ActiveCfg = Debug|Any CPU
		{10FF9361-A632-4424-9ED4-32208FAD73D4}.LiveTileTest|Any CPU.Build.0 = Debug|Any CPU
		{10FF9361-A632-4424-9ED4-32208FAD73D4}.LiveTileTest|Any CPU.Deploy.0 = Debug|Any CPU
		{10FF9361-A632-4424-9ED4-32208FAD73D4}.LiveTileTest|ARM.ActiveCfg = LiveTileTest|ARM
		{10FF9361-A632-4424-9ED4-32208FAD73D4}.LiveTileTest|ARM.Build.0 = LiveTileTest|ARM
		{10FF9361-A632-4424-9ED4-32208FAD73D4}.LiveTileTest|ARM.Deploy.0 = LiveTileTest|ARM
		{10FF9361-A632-4424-9ED4-32208FAD73D4}.LiveTileTest|x86.ActiveCfg = LiveTileTest|x86
		{10FF9361-A632-4424-9ED4-32208FAD73D4}.LiveTileTest|x86.Build.0 = LiveTileTest|x86
		{10FF9361-A632-4424-9ED4-32208FAD73D4}.LiveTileTest|x86.Deploy.0 = LiveTileTest|x86
		{10FF9361-A632-4424-9ED4-32208FAD73D4}.Release|Any CPU.ActiveCfg = Release|Any CPU
		{10FF9361-A632-4424-9ED4-32208FAD73D4}.Release|Any CPU.Build.0 = Release|Any CPU
		{10FF9361-A632-4424-9ED4-32208FAD73D4}.Release|Any CPU.Deploy.0 = Release|Any CPU
		{10FF9361-A632-4424-9ED4-32208FAD73D4}.Release|ARM.ActiveCfg = Release|ARM
		{10FF9361-A632-4424-9ED4-32208FAD73D4}.Release|ARM.Build.0 = Release|ARM
		{10FF9361-A632-4424-9ED4-32208FAD73D4}.Release|ARM.Deploy.0 = Release|ARM
		{10FF9361-A632-4424-9ED4-32208FAD73D4}.Release|x86.ActiveCfg = Release|x86
		{10FF9361-A632-4424-9ED4-32208FAD73D4}.Release|x86.Build.0 = Release|x86
		{10FF9361-A632-4424-9ED4-32208FAD73D4}.Release|x86.Deploy.0 = Release|x86
		{486642F0-AB94-4F28-B49C-106CA3134239}.Debug|Any CPU.ActiveCfg = Debug|Any CPU
		{486642F0-AB94-4F28-B49C-106CA3134239}.Debug|Any CPU.Build.0 = Debug|Any CPU
		{486642F0-AB94-4F28-B49C-106CA3134239}.Debug|ARM.ActiveCfg = Debug|ARM
		{486642F0-AB94-4F28-B49C-106CA3134239}.Debug|ARM.Build.0 = Debug|ARM
		{486642F0-AB94-4F28-B49C-106CA3134239}.Debug|x86.ActiveCfg = Debug|x86
		{486642F0-AB94-4F28-B49C-106CA3134239}.Debug|x86.Build.0 = Debug|x86
		{486642F0-AB94-4F28-B49C-106CA3134239}.LiveTileTest|Any CPU.ActiveCfg = Debug|Any CPU
		{486642F0-AB94-4F28-B49C-106CA3134239}.LiveTileTest|Any CPU.Build.0 = Debug|Any CPU
		{486642F0-AB94-4F28-B49C-106CA3134239}.LiveTileTest|ARM.ActiveCfg = Release|ARM
		{486642F0-AB94-4F28-B49C-106CA3134239}.LiveTileTest|ARM.Build.0 = Release|ARM
		{486642F0-AB94-4F28-B49C-106CA3134239}.LiveTileTest|x86.ActiveCfg = Release|x86
		{486642F0-AB94-4F28-B49C-106CA3134239}.LiveTileTest|x86.Build.0 = Release|x86
		{486642F0-AB94-4F28-B49C-106CA3134239}.Release|Any CPU.ActiveCfg = Release|Any CPU
		{486642F0-AB94-4F28-B49C-106CA3134239}.Release|Any CPU.Build.0 = Release|Any CPU
		{486642F0-AB94-4F28-B49C-106CA3134239}.Release|ARM.ActiveCfg = Release|ARM
		{486642F0-AB94-4F28-B49C-106CA3134239}.Release|ARM.Build.0 = Release|ARM
		{486642F0-AB94-4F28-B49C-106CA3134239}.Release|x86.ActiveCfg = Release|x86
		{486642F0-AB94-4F28-B49C-106CA3134239}.Release|x86.Build.0 = Release|x86
		{824FCA1A-DCA7-4DF2-AC4A-B91254469261}.Debug|Any CPU.ActiveCfg = Debug|Any CPU
		{824FCA1A-DCA7-4DF2-AC4A-B91254469261}.Debug|Any CPU.Build.0 = Debug|Any CPU
		{824FCA1A-DCA7-4DF2-AC4A-B91254469261}.Debug|ARM.ActiveCfg = Debug|ARM
		{824FCA1A-DCA7-4DF2-AC4A-B91254469261}.Debug|ARM.Build.0 = Debug|ARM
		{824FCA1A-DCA7-4DF2-AC4A-B91254469261}.Debug|x86.ActiveCfg = Debug|x86
		{824FCA1A-DCA7-4DF2-AC4A-B91254469261}.Debug|x86.Build.0 = Debug|x86
		{824FCA1A-DCA7-4DF2-AC4A-B91254469261}.LiveTileTest|Any CPU.ActiveCfg = Debug|Any CPU
		{824FCA1A-DCA7-4DF2-AC4A-B91254469261}.LiveTileTest|Any CPU.Build.0 = Debug|Any CPU
		{824FCA1A-DCA7-4DF2-AC4A-B91254469261}.LiveTileTest|ARM.ActiveCfg = Release|ARM
		{824FCA1A-DCA7-4DF2-AC4A-B91254469261}.LiveTileTest|ARM.Build.0 = Release|ARM
		{824FCA1A-DCA7-4DF2-AC4A-B91254469261}.LiveTileTest|x86.ActiveCfg = Release|x86
		{824FCA1A-DCA7-4DF2-AC4A-B91254469261}.LiveTileTest|x86.Build.0 = Release|x86
		{824FCA1A-DCA7-4DF2-AC4A-B91254469261}.Release|Any CPU.ActiveCfg = Release|Any CPU
		{824FCA1A-DCA7-4DF2-AC4A-B91254469261}.Release|Any CPU.Build.0 = Release|Any CPU
		{824FCA1A-DCA7-4DF2-AC4A-B91254469261}.Release|ARM.ActiveCfg = Release|ARM
		{824FCA1A-DCA7-4DF2-AC4A-B91254469261}.Release|ARM.Build.0 = Release|ARM
		{824FCA1A-DCA7-4DF2-AC4A-B91254469261}.Release|x86.ActiveCfg = Release|x86
		{824FCA1A-DCA7-4DF2-AC4A-B91254469261}.Release|x86.Build.0 = Release|x86
		{0AB5B0D6-A1C4-4B7E-8C8B-32FFEC480AB3}.Debug|Any CPU.ActiveCfg = Debug|Any CPU
		{0AB5B0D6-A1C4-4B7E-8C8B-32FFEC480AB3}.Debug|Any CPU.Build.0 = Debug|Any CPU
		{0AB5B0D6-A1C4-4B7E-8C8B-32FFEC480AB3}.Debug|ARM.ActiveCfg = Debug|ARM
		{0AB5B0D6-A1C4-4B7E-8C8B-32FFEC480AB3}.Debug|ARM.Build.0 = Debug|ARM
		{0AB5B0D6-A1C4-4B7E-8C8B-32FFEC480AB3}.Debug|x86.ActiveCfg = Debug|x86
		{0AB5B0D6-A1C4-4B7E-8C8B-32FFEC480AB3}.Debug|x86.Build.0 = Debug|x86
		{0AB5B0D6-A1C4-4B7E-8C8B-32FFEC480AB3}.LiveTileTest|Any CPU.ActiveCfg = Debug|Any CPU
		{0AB5B0D6-A1C4-4B7E-8C8B-32FFEC480AB3}.LiveTileTest|Any CPU.Build.0 = Debug|Any CPU
		{0AB5B0D6-A1C4-4B7E-8C8B-32FFEC480AB3}.LiveTileTest|ARM.ActiveCfg = Release|ARM
		{0AB5B0D6-A1C4-4B7E-8C8B-32FFEC480AB3}.LiveTileTest|ARM.Build.0 = Release|ARM
		{0AB5B0D6-A1C4-4B7E-8C8B-32FFEC480AB3}.LiveTileTest|x86.ActiveCfg = Release|x86
		{0AB5B0D6-A1C4-4B7E-8C8B-32FFEC480AB3}.LiveTileTest|x86.Build.0 = Release|x86
		{0AB5B0D6-A1C4-4B7E-8C8B-32FFEC480AB3}.Release|Any CPU.ActiveCfg = Release|Any CPU
		{0AB5B0D6-A1C4-4B7E-8C8B-32FFEC480AB3}.Release|Any CPU.Build.0 = Release|Any CPU
		{0AB5B0D6-A1C4-4B7E-8C8B-32FFEC480AB3}.Release|ARM.ActiveCfg = Release|ARM
		{0AB5B0D6-A1C4-4B7E-8C8B-32FFEC480AB3}.Release|ARM.Build.0 = Release|ARM
		{0AB5B0D6-A1C4-4B7E-8C8B-32FFEC480AB3}.Release|x86.ActiveCfg = Release|x86
		{0AB5B0D6-A1C4-4B7E-8C8B-32FFEC480AB3}.Release|x86.Build.0 = Release|x86
		{60A15747-8A97-4E97-8130-132D9A1B8036}.Debug|Any CPU.ActiveCfg = Debug|Any CPU
		{60A15747-8A97-4E97-8130-132D9A1B8036}.Debug|Any CPU.Build.0 = Debug|Any CPU
		{60A15747-8A97-4E97-8130-132D9A1B8036}.Debug|ARM.ActiveCfg = Debug|ARM
		{60A15747-8A97-4E97-8130-132D9A1B8036}.Debug|ARM.Build.0 = Debug|ARM
		{60A15747-8A97-4E97-8130-132D9A1B8036}.Debug|x86.ActiveCfg = Debug|x86
		{60A15747-8A97-4E97-8130-132D9A1B8036}.Debug|x86.Build.0 = Debug|x86
		{60A15747-8A97-4E97-8130-132D9A1B8036}.LiveTileTest|Any CPU.ActiveCfg = Debug|Any CPU
		{60A15747-8A97-4E97-8130-132D9A1B8036}.LiveTileTest|Any CPU.Build.0 = Debug|Any CPU
		{60A15747-8A97-4E97-8130-132D9A1B8036}.LiveTileTest|ARM.ActiveCfg = Release|ARM
		{60A15747-8A97-4E97-8130-132D9A1B8036}.LiveTileTest|ARM.Build.0 = Release|ARM
		{60A15747-8A97-4E97-8130-132D9A1B8036}.LiveTileTest|x86.ActiveCfg = Release|x86
		{60A15747-8A97-4E97-8130-132D9A1B8036}.LiveTileTest|x86.Build.0 = Release|x86
		{60A15747-8A97-4E97-8130-132D9A1B8036}.Release|Any CPU.ActiveCfg = Release|Any CPU
		{60A15747-8A97-4E97-8130-132D9A1B8036}.Release|Any CPU.Build.0 = Release|Any CPU
		{60A15747-8A97-4E97-8130-132D9A1B8036}.Release|ARM.ActiveCfg = Release|ARM
		{60A15747-8A97-4E97-8130-132D9A1B8036}.Release|ARM.Build.0 = Release|ARM
		{60A15747-8A97-4E97-8130-132D9A1B8036}.Release|x86.ActiveCfg = Release|x86
		{60A15747-8A97-4E97-8130-132D9A1B8036}.Release|x86.Build.0 = Release|x86
		{4ADFA599-2A57-413A-BB47-5428DD9CE365}.Debug|Any CPU.ActiveCfg = Debug|Any CPU
		{4ADFA599-2A57-413A-BB47-5428DD9CE365}.Debug|Any CPU.Build.0 = Debug|Any CPU
		{4ADFA599-2A57-413A-BB47-5428DD9CE365}.Debug|ARM.ActiveCfg = Debug|ARM
		{4ADFA599-2A57-413A-BB47-5428DD9CE365}.Debug|ARM.Build.0 = Debug|ARM
		{4ADFA599-2A57-413A-BB47-5428DD9CE365}.Debug|x86.ActiveCfg = Debug|x86
		{4ADFA599-2A57-413A-BB47-5428DD9CE365}.Debug|x86.Build.0 = Debug|x86
		{4ADFA599-2A57-413A-BB47-5428DD9CE365}.LiveTileTest|Any CPU.ActiveCfg = LiveTileTest|Any CPU
		{4ADFA599-2A57-413A-BB47-5428DD9CE365}.LiveTileTest|Any CPU.Build.0 = LiveTileTest|Any CPU
		{4ADFA599-2A57-413A-BB47-5428DD9CE365}.LiveTileTest|ARM.ActiveCfg = LiveTileTest|ARM
		{4ADFA599-2A57-413A-BB47-5428DD9CE365}.LiveTileTest|ARM.Build.0 = LiveTileTest|ARM
		{4ADFA599-2A57-413A-BB47-5428DD9CE365}.LiveTileTest|x86.ActiveCfg = LiveTileTest|x86
		{4ADFA599-2A57-413A-BB47-5428DD9CE365}.LiveTileTest|x86.Build.0 = LiveTileTest|x86
		{4ADFA599-2A57-413A-BB47-5428DD9CE365}.Release|Any CPU.ActiveCfg = Release|Any CPU
		{4ADFA599-2A57-413A-BB47-5428DD9CE365}.Release|Any CPU.Build.0 = Release|Any CPU
		{4ADFA599-2A57-413A-BB47-5428DD9CE365}.Release|ARM.ActiveCfg = Release|ARM
		{4ADFA599-2A57-413A-BB47-5428DD9CE365}.Release|ARM.Build.0 = Release|ARM
		{4ADFA599-2A57-413A-BB47-5428DD9CE365}.Release|x86.ActiveCfg = Release|x86
		{4ADFA599-2A57-413A-BB47-5428DD9CE365}.Release|x86.Build.0 = Release|x86
		{F1427654-CE40-41B2-8BE8-CA195CB334F6}.Debug|Any CPU.ActiveCfg = Debug|Any CPU
		{F1427654-CE40-41B2-8BE8-CA195CB334F6}.Debug|Any CPU.Build.0 = Debug|Any CPU
		{F1427654-CE40-41B2-8BE8-CA195CB334F6}.Debug|ARM.ActiveCfg = Debug|ARM
		{F1427654-CE40-41B2-8BE8-CA195CB334F6}.Debug|ARM.Build.0 = Debug|ARM
		{F1427654-CE40-41B2-8BE8-CA195CB334F6}.Debug|x86.ActiveCfg = Debug|x86
		{F1427654-CE40-41B2-8BE8-CA195CB334F6}.Debug|x86.Build.0 = Debug|x86
		{F1427654-CE40-41B2-8BE8-CA195CB334F6}.LiveTileTest|Any CPU.ActiveCfg = Debug|Any CPU
		{F1427654-CE40-41B2-8BE8-CA195CB334F6}.LiveTileTest|Any CPU.Build.0 = Debug|Any CPU
		{F1427654-CE40-41B2-8BE8-CA195CB334F6}.LiveTileTest|ARM.ActiveCfg = Release|ARM
		{F1427654-CE40-41B2-8BE8-CA195CB334F6}.LiveTileTest|ARM.Build.0 = Release|ARM
		{F1427654-CE40-41B2-8BE8-CA195CB334F6}.LiveTileTest|x86.ActiveCfg = Release|x86
		{F1427654-CE40-41B2-8BE8-CA195CB334F6}.LiveTileTest|x86.Build.0 = Release|x86
		{F1427654-CE40-41B2-8BE8-CA195CB334F6}.Release|Any CPU.ActiveCfg = Release|Any CPU
		{F1427654-CE40-41B2-8BE8-CA195CB334F6}.Release|Any CPU.Build.0 = Release|Any CPU
		{F1427654-CE40-41B2-8BE8-CA195CB334F6}.Release|ARM.ActiveCfg = Release|ARM
		{F1427654-CE40-41B2-8BE8-CA195CB334F6}.Release|ARM.Build.0 = Release|ARM
		{F1427654-CE40-41B2-8BE8-CA195CB334F6}.Release|x86.ActiveCfg = Release|x86
		{F1427654-CE40-41B2-8BE8-CA195CB334F6}.Release|x86.Build.0 = Release|x86
		{44789FF4-AC39-4FC8-9998-1F9BFD3F97F2}.Debug|Any CPU.ActiveCfg = Debug|Any CPU
		{44789FF4-AC39-4FC8-9998-1F9BFD3F97F2}.Debug|Any CPU.Build.0 = Debug|Any CPU
		{44789FF4-AC39-4FC8-9998-1F9BFD3F97F2}.Debug|ARM.ActiveCfg = Debug|ARM
		{44789FF4-AC39-4FC8-9998-1F9BFD3F97F2}.Debug|ARM.Build.0 = Debug|ARM
		{44789FF4-AC39-4FC8-9998-1F9BFD3F97F2}.Debug|x86.ActiveCfg = Debug|x86
		{44789FF4-AC39-4FC8-9998-1F9BFD3F97F2}.Debug|x86.Build.0 = Debug|x86
		{44789FF4-AC39-4FC8-9998-1F9BFD3F97F2}.LiveTileTest|Any CPU.ActiveCfg = Debug|Any CPU
		{44789FF4-AC39-4FC8-9998-1F9BFD3F97F2}.LiveTileTest|Any CPU.Build.0 = Debug|Any CPU
		{44789FF4-AC39-4FC8-9998-1F9BFD3F97F2}.LiveTileTest|ARM.ActiveCfg = Release|ARM
		{44789FF4-AC39-4FC8-9998-1F9BFD3F97F2}.LiveTileTest|ARM.Build.0 = Release|ARM
		{44789FF4-AC39-4FC8-9998-1F9BFD3F97F2}.LiveTileTest|x86.ActiveCfg = Release|x86
		{44789FF4-AC39-4FC8-9998-1F9BFD3F97F2}.LiveTileTest|x86.Build.0 = Release|x86
		{44789FF4-AC39-4FC8-9998-1F9BFD3F97F2}.Release|Any CPU.ActiveCfg = Release|Any CPU
		{44789FF4-AC39-4FC8-9998-1F9BFD3F97F2}.Release|Any CPU.Build.0 = Release|Any CPU
		{44789FF4-AC39-4FC8-9998-1F9BFD3F97F2}.Release|ARM.ActiveCfg = Release|ARM
		{44789FF4-AC39-4FC8-9998-1F9BFD3F97F2}.Release|ARM.Build.0 = Release|ARM
		{44789FF4-AC39-4FC8-9998-1F9BFD3F97F2}.Release|x86.ActiveCfg = Release|x86
		{44789FF4-AC39-4FC8-9998-1F9BFD3F97F2}.Release|x86.Build.0 = Release|x86
		{DBC9F99C-29A8-4362-AD9D-BD1DE0597529}.Debug|Any CPU.ActiveCfg = Debug|Any CPU
		{DBC9F99C-29A8-4362-AD9D-BD1DE0597529}.Debug|Any CPU.Build.0 = Debug|Any CPU
		{DBC9F99C-29A8-4362-AD9D-BD1DE0597529}.Debug|ARM.ActiveCfg = Debug|ARM
		{DBC9F99C-29A8-4362-AD9D-BD1DE0597529}.Debug|ARM.Build.0 = Debug|ARM
		{DBC9F99C-29A8-4362-AD9D-BD1DE0597529}.Debug|x86.ActiveCfg = Debug|x86
		{DBC9F99C-29A8-4362-AD9D-BD1DE0597529}.Debug|x86.Build.0 = Debug|x86
		{DBC9F99C-29A8-4362-AD9D-BD1DE0597529}.LiveTileTest|Any CPU.ActiveCfg = Debug|Any CPU
		{DBC9F99C-29A8-4362-AD9D-BD1DE0597529}.LiveTileTest|Any CPU.Build.0 = Debug|Any CPU
		{DBC9F99C-29A8-4362-AD9D-BD1DE0597529}.LiveTileTest|ARM.ActiveCfg = Release|ARM
		{DBC9F99C-29A8-4362-AD9D-BD1DE0597529}.LiveTileTest|ARM.Build.0 = Release|ARM
		{DBC9F99C-29A8-4362-AD9D-BD1DE0597529}.LiveTileTest|x86.ActiveCfg = Release|x86
		{DBC9F99C-29A8-4362-AD9D-BD1DE0597529}.LiveTileTest|x86.Build.0 = Release|x86
		{DBC9F99C-29A8-4362-AD9D-BD1DE0597529}.Release|Any CPU.ActiveCfg = Release|Any CPU
		{DBC9F99C-29A8-4362-AD9D-BD1DE0597529}.Release|Any CPU.Build.0 = Release|Any CPU
		{DBC9F99C-29A8-4362-AD9D-BD1DE0597529}.Release|ARM.ActiveCfg = Release|ARM
		{DBC9F99C-29A8-4362-AD9D-BD1DE0597529}.Release|ARM.Build.0 = Release|ARM
		{DBC9F99C-29A8-4362-AD9D-BD1DE0597529}.Release|x86.ActiveCfg = Release|x86
		{DBC9F99C-29A8-4362-AD9D-BD1DE0597529}.Release|x86.Build.0 = Release|x86
		{753AE27A-87EB-4C38-827B-8202FD0903FA}.Debug|Any CPU.ActiveCfg = Debug|Any CPU
		{753AE27A-87EB-4C38-827B-8202FD0903FA}.Debug|Any CPU.Build.0 = Debug|Any CPU
		{753AE27A-87EB-4C38-827B-8202FD0903FA}.Debug|ARM.ActiveCfg = Debug|ARM
		{753AE27A-87EB-4C38-827B-8202FD0903FA}.Debug|ARM.Build.0 = Debug|ARM
		{753AE27A-87EB-4C38-827B-8202FD0903FA}.Debug|x86.ActiveCfg = Debug|x86
		{753AE27A-87EB-4C38-827B-8202FD0903FA}.Debug|x86.Build.0 = Debug|x86
		{753AE27A-87EB-4C38-827B-8202FD0903FA}.LiveTileTest|Any CPU.ActiveCfg = Debug|Any CPU
		{753AE27A-87EB-4C38-827B-8202FD0903FA}.LiveTileTest|Any CPU.Build.0 = Debug|Any CPU
		{753AE27A-87EB-4C38-827B-8202FD0903FA}.LiveTileTest|ARM.ActiveCfg = Release|ARM
		{753AE27A-87EB-4C38-827B-8202FD0903FA}.LiveTileTest|ARM.Build.0 = Release|ARM
		{753AE27A-87EB-4C38-827B-8202FD0903FA}.LiveTileTest|x86.ActiveCfg = Release|x86
		{753AE27A-87EB-4C38-827B-8202FD0903FA}.LiveTileTest|x86.Build.0 = Release|x86
		{753AE27A-87EB-4C38-827B-8202FD0903FA}.Release|Any CPU.ActiveCfg = Release|Any CPU
		{753AE27A-87EB-4C38-827B-8202FD0903FA}.Release|Any CPU.Build.0 = Release|Any CPU
		{753AE27A-87EB-4C38-827B-8202FD0903FA}.Release|ARM.ActiveCfg = Release|ARM
		{753AE27A-87EB-4C38-827B-8202FD0903FA}.Release|ARM.Build.0 = Release|ARM
		{753AE27A-87EB-4C38-827B-8202FD0903FA}.Release|x86.ActiveCfg = Release|x86
		{753AE27A-87EB-4C38-827B-8202FD0903FA}.Release|x86.Build.0 = Release|x86
		{92538D48-A044-4BD6-A969-2CB5C0A2169A}.Debug|Any CPU.ActiveCfg = Debug|Any CPU
		{92538D48-A044-4BD6-A969-2CB5C0A2169A}.Debug|Any CPU.Build.0 = Debug|Any CPU
		{92538D48-A044-4BD6-A969-2CB5C0A2169A}.Debug|ARM.ActiveCfg = Debug|ARM
		{92538D48-A044-4BD6-A969-2CB5C0A2169A}.Debug|ARM.Build.0 = Debug|ARM
		{92538D48-A044-4BD6-A969-2CB5C0A2169A}.Debug|x86.ActiveCfg = Debug|x86
		{92538D48-A044-4BD6-A969-2CB5C0A2169A}.Debug|x86.Build.0 = Debug|x86
		{92538D48-A044-4BD6-A969-2CB5C0A2169A}.LiveTileTest|Any CPU.ActiveCfg = Debug|Any CPU
		{92538D48-A044-4BD6-A969-2CB5C0A2169A}.LiveTileTest|Any CPU.Build.0 = Debug|Any CPU
		{92538D48-A044-4BD6-A969-2CB5C0A2169A}.LiveTileTest|ARM.ActiveCfg = Release|ARM
		{92538D48-A044-4BD6-A969-2CB5C0A2169A}.LiveTileTest|ARM.Build.0 = Release|ARM
		{92538D48-A044-4BD6-A969-2CB5C0A2169A}.LiveTileTest|x86.ActiveCfg = Release|x86
		{92538D48-A044-4BD6-A969-2CB5C0A2169A}.LiveTileTest|x86.Build.0 = Release|x86
		{92538D48-A044-4BD6-A969-2CB5C0A2169A}.Release|Any CPU.ActiveCfg = Release|Any CPU
		{92538D48-A044-4BD6-A969-2CB5C0A2169A}.Release|Any CPU.Build.0 = Release|Any CPU
		{92538D48-A044-4BD6-A969-2CB5C0A2169A}.Release|ARM.ActiveCfg = Release|ARM
		{92538D48-A044-4BD6-A969-2CB5C0A2169A}.Release|ARM.Build.0 = Release|ARM
		{92538D48-A044-4BD6-A969-2CB5C0A2169A}.Release|x86.ActiveCfg = Release|x86
		{92538D48-A044-4BD6-A969-2CB5C0A2169A}.Release|x86.Build.0 = Release|x86
		{E6306A9C-83D5-4C61-89A3-9A6E4BC15C5A}.Debug|Any CPU.ActiveCfg = Debug|Any CPU
		{E6306A9C-83D5-4C61-89A3-9A6E4BC15C5A}.Debug|Any CPU.Build.0 = Debug|Any CPU
		{E6306A9C-83D5-4C61-89A3-9A6E4BC15C5A}.Debug|ARM.ActiveCfg = Debug|ARM
		{E6306A9C-83D5-4C61-89A3-9A6E4BC15C5A}.Debug|ARM.Build.0 = Debug|ARM
		{E6306A9C-83D5-4C61-89A3-9A6E4BC15C5A}.Debug|x86.ActiveCfg = Debug|x86
		{E6306A9C-83D5-4C61-89A3-9A6E4BC15C5A}.Debug|x86.Build.0 = Debug|x86
		{E6306A9C-83D5-4C61-89A3-9A6E4BC15C5A}.LiveTileTest|Any CPU.ActiveCfg = Debug|Any CPU
		{E6306A9C-83D5-4C61-89A3-9A6E4BC15C5A}.LiveTileTest|Any CPU.Build.0 = Debug|Any CPU
		{E6306A9C-83D5-4C61-89A3-9A6E4BC15C5A}.LiveTileTest|ARM.ActiveCfg = Release|ARM
		{E6306A9C-83D5-4C61-89A3-9A6E4BC15C5A}.LiveTileTest|ARM.Build.0 = Release|ARM
		{E6306A9C-83D5-4C61-89A3-9A6E4BC15C5A}.LiveTileTest|x86.ActiveCfg = Release|x86
		{E6306A9C-83D5-4C61-89A3-9A6E4BC15C5A}.LiveTileTest|x86.Build.0 = Release|x86
		{E6306A9C-83D5-4C61-89A3-9A6E4BC15C5A}.Release|Any CPU.ActiveCfg = Release|Any CPU
		{E6306A9C-83D5-4C61-89A3-9A6E4BC15C5A}.Release|Any CPU.Build.0 = Release|Any CPU
		{E6306A9C-83D5-4C61-89A3-9A6E4BC15C5A}.Release|ARM.ActiveCfg = Release|ARM
		{E6306A9C-83D5-4C61-89A3-9A6E4BC15C5A}.Release|ARM.Build.0 = Release|ARM
		{E6306A9C-83D5-4C61-89A3-9A6E4BC15C5A}.Release|x86.ActiveCfg = Release|x86
		{E6306A9C-83D5-4C61-89A3-9A6E4BC15C5A}.Release|x86.Build.0 = Release|x86
		{416F3DD2-E884-4DB3-AE23-5E77D3E24D87}.Debug|Any CPU.ActiveCfg = Debug|Any CPU
		{416F3DD2-E884-4DB3-AE23-5E77D3E24D87}.Debug|Any CPU.Build.0 = Debug|Any CPU
		{416F3DD2-E884-4DB3-AE23-5E77D3E24D87}.Debug|ARM.ActiveCfg = Debug|ARM
		{416F3DD2-E884-4DB3-AE23-5E77D3E24D87}.Debug|ARM.Build.0 = Debug|ARM
		{416F3DD2-E884-4DB3-AE23-5E77D3E24D87}.Debug|x86.ActiveCfg = Debug|x86
		{416F3DD2-E884-4DB3-AE23-5E77D3E24D87}.Debug|x86.Build.0 = Debug|x86
		{416F3DD2-E884-4DB3-AE23-5E77D3E24D87}.LiveTileTest|Any CPU.ActiveCfg = Debug|Any CPU
		{416F3DD2-E884-4DB3-AE23-5E77D3E24D87}.LiveTileTest|Any CPU.Build.0 = Debug|Any CPU
		{416F3DD2-E884-4DB3-AE23-5E77D3E24D87}.LiveTileTest|ARM.ActiveCfg = Release|ARM
		{416F3DD2-E884-4DB3-AE23-5E77D3E24D87}.LiveTileTest|ARM.Build.0 = Release|ARM
		{416F3DD2-E884-4DB3-AE23-5E77D3E24D87}.LiveTileTest|x86.ActiveCfg = Release|x86
		{416F3DD2-E884-4DB3-AE23-5E77D3E24D87}.LiveTileTest|x86.Build.0 = Release|x86
		{416F3DD2-E884-4DB3-AE23-5E77D3E24D87}.Release|Any CPU.ActiveCfg = Release|Any CPU
		{416F3DD2-E884-4DB3-AE23-5E77D3E24D87}.Release|Any CPU.Build.0 = Release|Any CPU
		{416F3DD2-E884-4DB3-AE23-5E77D3E24D87}.Release|ARM.ActiveCfg = Release|ARM
		{416F3DD2-E884-4DB3-AE23-5E77D3E24D87}.Release|ARM.Build.0 = Release|ARM
		{416F3DD2-E884-4DB3-AE23-5E77D3E24D87}.Release|x86.ActiveCfg = Release|x86
		{416F3DD2-E884-4DB3-AE23-5E77D3E24D87}.Release|x86.Build.0 = Release|x86
		{481B8D82-87B3-4E43-B4FB-B81196EBD11D}.Debug|Any CPU.ActiveCfg = Debug|Any CPU
		{481B8D82-87B3-4E43-B4FB-B81196EBD11D}.Debug|Any CPU.Build.0 = Debug|Any CPU
		{481B8D82-87B3-4E43-B4FB-B81196EBD11D}.Debug|ARM.ActiveCfg = Debug|ARM
		{481B8D82-87B3-4E43-B4FB-B81196EBD11D}.Debug|ARM.Build.0 = Debug|ARM
		{481B8D82-87B3-4E43-B4FB-B81196EBD11D}.Debug|x86.ActiveCfg = Debug|x86
		{481B8D82-87B3-4E43-B4FB-B81196EBD11D}.Debug|x86.Build.0 = Debug|x86
		{481B8D82-87B3-4E43-B4FB-B81196EBD11D}.LiveTileTest|Any CPU.ActiveCfg = Debug|Any CPU
		{481B8D82-87B3-4E43-B4FB-B81196EBD11D}.LiveTileTest|Any CPU.Build.0 = Debug|Any CPU
		{481B8D82-87B3-4E43-B4FB-B81196EBD11D}.LiveTileTest|ARM.ActiveCfg = Release|ARM
		{481B8D82-87B3-4E43-B4FB-B81196EBD11D}.LiveTileTest|ARM.Build.0 = Release|ARM
		{481B8D82-87B3-4E43-B4FB-B81196EBD11D}.LiveTileTest|x86.ActiveCfg = Release|x86
		{481B8D82-87B3-4E43-B4FB-B81196EBD11D}.LiveTileTest|x86.Build.0 = Release|x86
		{481B8D82-87B3-4E43-B4FB-B81196EBD11D}.Release|Any CPU.ActiveCfg = Release|Any CPU
		{481B8D82-87B3-4E43-B4FB-B81196EBD11D}.Release|Any CPU.Build.0 = Release|Any CPU
		{481B8D82-87B3-4E43-B4FB-B81196EBD11D}.Release|ARM.ActiveCfg = Release|ARM
		{481B8D82-87B3-4E43-B4FB-B81196EBD11D}.Release|ARM.Build.0 = Release|ARM
		{481B8D82-87B3-4E43-B4FB-B81196EBD11D}.Release|x86.ActiveCfg = Release|x86
		{481B8D82-87B3-4E43-B4FB-B81196EBD11D}.Release|x86.Build.0 = Release|x86
		{E097DBFA-C911-49ED-9189-0ACEB2AE2976}.Debug|Any CPU.ActiveCfg = Debug|Any CPU
		{E097DBFA-C911-49ED-9189-0ACEB2AE2976}.Debug|Any CPU.Build.0 = Debug|Any CPU
		{E097DBFA-C911-49ED-9189-0ACEB2AE2976}.Debug|ARM.ActiveCfg = Debug|ARM
		{E097DBFA-C911-49ED-9189-0ACEB2AE2976}.Debug|ARM.Build.0 = Debug|ARM
		{E097DBFA-C911-49ED-9189-0ACEB2AE2976}.Debug|x86.ActiveCfg = Debug|x86
		{E097DBFA-C911-49ED-9189-0ACEB2AE2976}.Debug|x86.Build.0 = Debug|x86
		{E097DBFA-C911-49ED-9189-0ACEB2AE2976}.LiveTileTest|Any CPU.ActiveCfg = Debug|Any CPU
		{E097DBFA-C911-49ED-9189-0ACEB2AE2976}.LiveTileTest|Any CPU.Build.0 = Debug|Any CPU
		{E097DBFA-C911-49ED-9189-0ACEB2AE2976}.LiveTileTest|ARM.ActiveCfg = Release|ARM
		{E097DBFA-C911-49ED-9189-0ACEB2AE2976}.LiveTileTest|ARM.Build.0 = Release|ARM
		{E097DBFA-C911-49ED-9189-0ACEB2AE2976}.LiveTileTest|x86.ActiveCfg = Release|x86
		{E097DBFA-C911-49ED-9189-0ACEB2AE2976}.LiveTileTest|x86.Build.0 = Release|x86
		{E097DBFA-C911-49ED-9189-0ACEB2AE2976}.Release|Any CPU.ActiveCfg = Release|Any CPU
		{E097DBFA-C911-49ED-9189-0ACEB2AE2976}.Release|Any CPU.Build.0 = Release|Any CPU
		{E097DBFA-C911-49ED-9189-0ACEB2AE2976}.Release|ARM.ActiveCfg = Release|ARM
		{E097DBFA-C911-49ED-9189-0ACEB2AE2976}.Release|ARM.Build.0 = Release|ARM
		{E097DBFA-C911-49ED-9189-0ACEB2AE2976}.Release|x86.ActiveCfg = Release|x86
		{E097DBFA-C911-49ED-9189-0ACEB2AE2976}.Release|x86.Build.0 = Release|x86
		{48F5F213-E352-4B14-8DE9-80415AFA15CE}.Debug|Any CPU.ActiveCfg = Debug|Any CPU
		{48F5F213-E352-4B14-8DE9-80415AFA15CE}.Debug|Any CPU.Build.0 = Debug|Any CPU
		{48F5F213-E352-4B14-8DE9-80415AFA15CE}.Debug|ARM.ActiveCfg = Debug|ARM
		{48F5F213-E352-4B14-8DE9-80415AFA15CE}.Debug|ARM.Build.0 = Debug|ARM
		{48F5F213-E352-4B14-8DE9-80415AFA15CE}.Debug|x86.ActiveCfg = Debug|x86
		{48F5F213-E352-4B14-8DE9-80415AFA15CE}.Debug|x86.Build.0 = Debug|x86
		{48F5F213-E352-4B14-8DE9-80415AFA15CE}.LiveTileTest|Any CPU.ActiveCfg = Debug|Any CPU
		{48F5F213-E352-4B14-8DE9-80415AFA15CE}.LiveTileTest|Any CPU.Build.0 = Debug|Any CPU
		{48F5F213-E352-4B14-8DE9-80415AFA15CE}.LiveTileTest|ARM.ActiveCfg = Release|ARM
		{48F5F213-E352-4B14-8DE9-80415AFA15CE}.LiveTileTest|ARM.Build.0 = Release|ARM
		{48F5F213-E352-4B14-8DE9-80415AFA15CE}.LiveTileTest|x86.ActiveCfg = Release|x86
		{48F5F213-E352-4B14-8DE9-80415AFA15CE}.LiveTileTest|x86.Build.0 = Release|x86
		{48F5F213-E352-4B14-8DE9-80415AFA15CE}.Release|Any CPU.ActiveCfg = Release|Any CPU
		{48F5F213-E352-4B14-8DE9-80415AFA15CE}.Release|Any CPU.Build.0 = Release|Any CPU
		{48F5F213-E352-4B14-8DE9-80415AFA15CE}.Release|ARM.ActiveCfg = Release|ARM
		{48F5F213-E352-4B14-8DE9-80415AFA15CE}.Release|ARM.Build.0 = Release|ARM
		{48F5F213-E352-4B14-8DE9-80415AFA15CE}.Release|x86.ActiveCfg = Release|x86
		{48F5F213-E352-4B14-8DE9-80415AFA15CE}.Release|x86.Build.0 = Release|x86
		{09AC45C7-27E8-4A39-B2C4-0031111595D5}.Debug|Any CPU.ActiveCfg = Debug|Any CPU
		{09AC45C7-27E8-4A39-B2C4-0031111595D5}.Debug|Any CPU.Build.0 = Debug|Any CPU
		{09AC45C7-27E8-4A39-B2C4-0031111595D5}.Debug|ARM.ActiveCfg = Debug|ARM
		{09AC45C7-27E8-4A39-B2C4-0031111595D5}.Debug|ARM.Build.0 = Debug|ARM
		{09AC45C7-27E8-4A39-B2C4-0031111595D5}.Debug|x86.ActiveCfg = Debug|x86
		{09AC45C7-27E8-4A39-B2C4-0031111595D5}.Debug|x86.Build.0 = Debug|x86
		{09AC45C7-27E8-4A39-B2C4-0031111595D5}.LiveTileTest|Any CPU.ActiveCfg = Debug|Any CPU
		{09AC45C7-27E8-4A39-B2C4-0031111595D5}.LiveTileTest|Any CPU.Build.0 = Debug|Any CPU
		{09AC45C7-27E8-4A39-B2C4-0031111595D5}.LiveTileTest|ARM.ActiveCfg = Release|ARM
		{09AC45C7-27E8-4A39-B2C4-0031111595D5}.LiveTileTest|ARM.Build.0 = Release|ARM
		{09AC45C7-27E8-4A39-B2C4-0031111595D5}.LiveTileTest|x86.ActiveCfg = Release|x86
		{09AC45C7-27E8-4A39-B2C4-0031111595D5}.LiveTileTest|x86.Build.0 = Release|x86
		{09AC45C7-27E8-4A39-B2C4-0031111595D5}.Release|Any CPU.ActiveCfg = Release|Any CPU
		{09AC45C7-27E8-4A39-B2C4-0031111595D5}.Release|Any CPU.Build.0 = Release|Any CPU
		{09AC45C7-27E8-4A39-B2C4-0031111595D5}.Release|ARM.ActiveCfg = Release|ARM
		{09AC45C7-27E8-4A39-B2C4-0031111595D5}.Release|ARM.Build.0 = Release|ARM
		{09AC45C7-27E8-4A39-B2C4-0031111595D5}.Release|x86.ActiveCfg = Release|x86
		{09AC45C7-27E8-4A39-B2C4-0031111595D5}.Release|x86.Build.0 = Release|x86
		{59902EDE-3578-414E-A290-667093009567}.Debug|Any CPU.ActiveCfg = Debug|Any CPU
		{59902EDE-3578-414E-A290-667093009567}.Debug|Any CPU.Build.0 = Debug|Any CPU
		{59902EDE-3578-414E-A290-667093009567}.Debug|ARM.ActiveCfg = Debug|ARM
		{59902EDE-3578-414E-A290-667093009567}.Debug|ARM.Build.0 = Debug|ARM
		{59902EDE-3578-414E-A290-667093009567}.Debug|x86.ActiveCfg = Debug|x86
		{59902EDE-3578-414E-A290-667093009567}.Debug|x86.Build.0 = Debug|x86
		{59902EDE-3578-414E-A290-667093009567}.LiveTileTest|Any CPU.ActiveCfg = Release|Any CPU
		{59902EDE-3578-414E-A290-667093009567}.LiveTileTest|Any CPU.Build.0 = Release|Any CPU
		{59902EDE-3578-414E-A290-667093009567}.LiveTileTest|ARM.ActiveCfg = Release|ARM
		{59902EDE-3578-414E-A290-667093009567}.LiveTileTest|ARM.Build.0 = Release|ARM
		{59902EDE-3578-414E-A290-667093009567}.LiveTileTest|x86.ActiveCfg = Release|x86
		{59902EDE-3578-414E-A290-667093009567}.LiveTileTest|x86.Build.0 = Release|x86
		{59902EDE-3578-414E-A290-667093009567}.Release|Any CPU.ActiveCfg = Release|Any CPU
		{59902EDE-3578-414E-A290-667093009567}.Release|Any CPU.Build.0 = Release|Any CPU
		{59902EDE-3578-414E-A290-667093009567}.Release|ARM.ActiveCfg = Release|ARM
		{59902EDE-3578-414E-A290-667093009567}.Release|ARM.Build.0 = Release|ARM
		{59902EDE-3578-414E-A290-667093009567}.Release|x86.ActiveCfg = Release|x86
		{59902EDE-3578-414E-A290-667093009567}.Release|x86.Build.0 = Release|x86
		{57829D03-1D27-4FC2-BE5A-6FD51AACBC71}.Debug|Any CPU.ActiveCfg = Debug|Any CPU
		{57829D03-1D27-4FC2-BE5A-6FD51AACBC71}.Debug|Any CPU.Build.0 = Debug|Any CPU
		{57829D03-1D27-4FC2-BE5A-6FD51AACBC71}.Debug|ARM.ActiveCfg = Debug|ARM
		{57829D03-1D27-4FC2-BE5A-6FD51AACBC71}.Debug|ARM.Build.0 = Debug|ARM
		{57829D03-1D27-4FC2-BE5A-6FD51AACBC71}.Debug|x86.ActiveCfg = Debug|x86
		{57829D03-1D27-4FC2-BE5A-6FD51AACBC71}.Debug|x86.Build.0 = Debug|x86
		{57829D03-1D27-4FC2-BE5A-6FD51AACBC71}.LiveTileTest|Any CPU.ActiveCfg = Release|Any CPU
		{57829D03-1D27-4FC2-BE5A-6FD51AACBC71}.LiveTileTest|Any CPU.Build.0 = Release|Any CPU
		{57829D03-1D27-4FC2-BE5A-6FD51AACBC71}.LiveTileTest|ARM.ActiveCfg = Release|ARM
		{57829D03-1D27-4FC2-BE5A-6FD51AACBC71}.LiveTileTest|ARM.Build.0 = Release|ARM
		{57829D03-1D27-4FC2-BE5A-6FD51AACBC71}.LiveTileTest|x86.ActiveCfg = Release|x86
		{57829D03-1D27-4FC2-BE5A-6FD51AACBC71}.LiveTileTest|x86.Build.0 = Release|x86
		{57829D03-1D27-4FC2-BE5A-6FD51AACBC71}.Release|Any CPU.ActiveCfg = Release|Any CPU
		{57829D03-1D27-4FC2-BE5A-6FD51AACBC71}.Release|Any CPU.Build.0 = Release|Any CPU
		{57829D03-1D27-4FC2-BE5A-6FD51AACBC71}.Release|ARM.ActiveCfg = Release|ARM
		{57829D03-1D27-4FC2-BE5A-6FD51AACBC71}.Release|ARM.Build.0 = Release|ARM
		{57829D03-1D27-4FC2-BE5A-6FD51AACBC71}.Release|x86.ActiveCfg = Release|x86
		{57829D03-1D27-4FC2-BE5A-6FD51AACBC71}.Release|x86.Build.0 = Release|x86
		{4F5D363A-1F0F-4B12-8859-2A083E8ACBAF}.Debug|Any CPU.ActiveCfg = Debug|Any CPU
		{4F5D363A-1F0F-4B12-8859-2A083E8ACBAF}.Debug|Any CPU.Build.0 = Debug|Any CPU
		{4F5D363A-1F0F-4B12-8859-2A083E8ACBAF}.Debug|ARM.ActiveCfg = Debug|ARM
		{4F5D363A-1F0F-4B12-8859-2A083E8ACBAF}.Debug|ARM.Build.0 = Debug|ARM
		{4F5D363A-1F0F-4B12-8859-2A083E8ACBAF}.Debug|x86.ActiveCfg = Debug|x86
		{4F5D363A-1F0F-4B12-8859-2A083E8ACBAF}.Debug|x86.Build.0 = Debug|x86
		{4F5D363A-1F0F-4B12-8859-2A083E8ACBAF}.LiveTileTest|Any CPU.ActiveCfg = Release|Any CPU
		{4F5D363A-1F0F-4B12-8859-2A083E8ACBAF}.LiveTileTest|Any CPU.Build.0 = Release|Any CPU
		{4F5D363A-1F0F-4B12-8859-2A083E8ACBAF}.LiveTileTest|ARM.ActiveCfg = Release|ARM
		{4F5D363A-1F0F-4B12-8859-2A083E8ACBAF}.LiveTileTest|ARM.Build.0 = Release|ARM
		{4F5D363A-1F0F-4B12-8859-2A083E8ACBAF}.LiveTileTest|x86.ActiveCfg = Release|x86
		{4F5D363A-1F0F-4B12-8859-2A083E8ACBAF}.LiveTileTest|x86.Build.0 = Release|x86
		{4F5D363A-1F0F-4B12-8859-2A083E8ACBAF}.Release|Any CPU.ActiveCfg = Release|Any CPU
		{4F5D363A-1F0F-4B12-8859-2A083E8ACBAF}.Release|Any CPU.Build.0 = Release|Any CPU
		{4F5D363A-1F0F-4B12-8859-2A083E8ACBAF}.Release|ARM.ActiveCfg = Release|ARM
		{4F5D363A-1F0F-4B12-8859-2A083E8ACBAF}.Release|ARM.Build.0 = Release|ARM
		{4F5D363A-1F0F-4B12-8859-2A083E8ACBAF}.Release|x86.ActiveCfg = Release|x86
		{4F5D363A-1F0F-4B12-8859-2A083E8ACBAF}.Release|x86.Build.0 = Release|x86
		{0F188FC9-D10C-48DB-917A-FF1CB9C8E795}.Debug|Any CPU.ActiveCfg = Debug|Any CPU
		{0F188FC9-D10C-48DB-917A-FF1CB9C8E795}.Debug|Any CPU.Build.0 = Debug|Any CPU
		{0F188FC9-D10C-48DB-917A-FF1CB9C8E795}.Debug|ARM.ActiveCfg = Debug|Any CPU
		{0F188FC9-D10C-48DB-917A-FF1CB9C8E795}.Debug|x86.ActiveCfg = Debug|Any CPU
		{0F188FC9-D10C-48DB-917A-FF1CB9C8E795}.LiveTileTest|Any CPU.ActiveCfg = Release|Any CPU
		{0F188FC9-D10C-48DB-917A-FF1CB9C8E795}.LiveTileTest|Any CPU.Build.0 = Release|Any CPU
		{0F188FC9-D10C-48DB-917A-FF1CB9C8E795}.LiveTileTest|ARM.ActiveCfg = Release|Any CPU
		{0F188FC9-D10C-48DB-917A-FF1CB9C8E795}.LiveTileTest|x86.ActiveCfg = Release|Any CPU
		{0F188FC9-D10C-48DB-917A-FF1CB9C8E795}.Release|Any CPU.ActiveCfg = Release|Any CPU
		{0F188FC9-D10C-48DB-917A-FF1CB9C8E795}.Release|Any CPU.Build.0 = Release|Any CPU
		{0F188FC9-D10C-48DB-917A-FF1CB9C8E795}.Release|ARM.ActiveCfg = Release|Any CPU
		{0F188FC9-D10C-48DB-917A-FF1CB9C8E795}.Release|x86.ActiveCfg = Release|Any CPU
		{D326F8C2-8DCF-43D4-9BAD-BC07CA6D6CCE}.Debug|Any CPU.ActiveCfg = Debug|Any CPU
		{D326F8C2-8DCF-43D4-9BAD-BC07CA6D6CCE}.Debug|Any CPU.Build.0 = Debug|Any CPU
		{D326F8C2-8DCF-43D4-9BAD-BC07CA6D6CCE}.Debug|ARM.ActiveCfg = Debug|Any CPU
		{D326F8C2-8DCF-43D4-9BAD-BC07CA6D6CCE}.Debug|x86.ActiveCfg = Debug|Any CPU
		{D326F8C2-8DCF-43D4-9BAD-BC07CA6D6CCE}.LiveTileTest|Any CPU.ActiveCfg = Release|Any CPU
		{D326F8C2-8DCF-43D4-9BAD-BC07CA6D6CCE}.LiveTileTest|Any CPU.Build.0 = Release|Any CPU
		{D326F8C2-8DCF-43D4-9BAD-BC07CA6D6CCE}.LiveTileTest|ARM.ActiveCfg = Release|Any CPU
		{D326F8C2-8DCF-43D4-9BAD-BC07CA6D6CCE}.LiveTileTest|x86.ActiveCfg = Release|Any CPU
		{D326F8C2-8DCF-43D4-9BAD-BC07CA6D6CCE}.Release|Any CPU.ActiveCfg = Release|Any CPU
		{D326F8C2-8DCF-43D4-9BAD-BC07CA6D6CCE}.Release|Any CPU.Build.0 = Release|Any CPU
		{D326F8C2-8DCF-43D4-9BAD-BC07CA6D6CCE}.Release|ARM.ActiveCfg = Release|Any CPU
		{D326F8C2-8DCF-43D4-9BAD-BC07CA6D6CCE}.Release|x86.ActiveCfg = Release|Any CPU
		{0A9019E4-E76F-4FAC-A5C7-70F32CF5E2C1}.Debug|Any CPU.ActiveCfg = Debug|Any CPU
		{0A9019E4-E76F-4FAC-A5C7-70F32CF5E2C1}.Debug|Any CPU.Build.0 = Debug|Any CPU
		{0A9019E4-E76F-4FAC-A5C7-70F32CF5E2C1}.Debug|ARM.ActiveCfg = Debug|Any CPU
		{0A9019E4-E76F-4FAC-A5C7-70F32CF5E2C1}.Debug|x86.ActiveCfg = Debug|Any CPU
		{0A9019E4-E76F-4FAC-A5C7-70F32CF5E2C1}.LiveTileTest|Any CPU.ActiveCfg = Release|Any CPU
		{0A9019E4-E76F-4FAC-A5C7-70F32CF5E2C1}.LiveTileTest|Any CPU.Build.0 = Release|Any CPU
		{0A9019E4-E76F-4FAC-A5C7-70F32CF5E2C1}.LiveTileTest|ARM.ActiveCfg = Release|Any CPU
		{0A9019E4-E76F-4FAC-A5C7-70F32CF5E2C1}.LiveTileTest|x86.ActiveCfg = Release|Any CPU
		{0A9019E4-E76F-4FAC-A5C7-70F32CF5E2C1}.Release|Any CPU.ActiveCfg = Release|Any CPU
		{0A9019E4-E76F-4FAC-A5C7-70F32CF5E2C1}.Release|Any CPU.Build.0 = Release|Any CPU
		{0A9019E4-E76F-4FAC-A5C7-70F32CF5E2C1}.Release|ARM.ActiveCfg = Release|Any CPU
		{0A9019E4-E76F-4FAC-A5C7-70F32CF5E2C1}.Release|x86.ActiveCfg = Release|Any CPU
		{CCE98720-6054-4EF8-BA8C-14821B35EC1D}.Debug|Any CPU.ActiveCfg = Debug|Any CPU
		{CCE98720-6054-4EF8-BA8C-14821B35EC1D}.Debug|Any CPU.Build.0 = Debug|Any CPU
		{CCE98720-6054-4EF8-BA8C-14821B35EC1D}.Debug|ARM.ActiveCfg = Debug|Any CPU
		{CCE98720-6054-4EF8-BA8C-14821B35EC1D}.Debug|x86.ActiveCfg = Debug|Any CPU
		{CCE98720-6054-4EF8-BA8C-14821B35EC1D}.LiveTileTest|Any CPU.ActiveCfg = Release|Any CPU
		{CCE98720-6054-4EF8-BA8C-14821B35EC1D}.LiveTileTest|Any CPU.Build.0 = Release|Any CPU
		{CCE98720-6054-4EF8-BA8C-14821B35EC1D}.LiveTileTest|ARM.ActiveCfg = Release|Any CPU
		{CCE98720-6054-4EF8-BA8C-14821B35EC1D}.LiveTileTest|x86.ActiveCfg = Release|Any CPU
		{CCE98720-6054-4EF8-BA8C-14821B35EC1D}.Release|Any CPU.ActiveCfg = Release|Any CPU
		{CCE98720-6054-4EF8-BA8C-14821B35EC1D}.Release|Any CPU.Build.0 = Release|Any CPU
		{CCE98720-6054-4EF8-BA8C-14821B35EC1D}.Release|ARM.ActiveCfg = Release|Any CPU
		{CCE98720-6054-4EF8-BA8C-14821B35EC1D}.Release|x86.ActiveCfg = Release|Any CPU
		{6FA5AC47-653A-4634-8BCA-CF68BA33F884}.Debug|Any CPU.ActiveCfg = Debug|Any CPU
		{6FA5AC47-653A-4634-8BCA-CF68BA33F884}.Debug|Any CPU.Build.0 = Debug|Any CPU
		{6FA5AC47-653A-4634-8BCA-CF68BA33F884}.Debug|ARM.ActiveCfg = Debug|Any CPU
		{6FA5AC47-653A-4634-8BCA-CF68BA33F884}.Debug|x86.ActiveCfg = Debug|Any CPU
		{6FA5AC47-653A-4634-8BCA-CF68BA33F884}.LiveTileTest|Any CPU.ActiveCfg = Release|Any CPU
		{6FA5AC47-653A-4634-8BCA-CF68BA33F884}.LiveTileTest|Any CPU.Build.0 = Release|Any CPU
		{6FA5AC47-653A-4634-8BCA-CF68BA33F884}.LiveTileTest|ARM.ActiveCfg = Release|Any CPU
		{6FA5AC47-653A-4634-8BCA-CF68BA33F884}.LiveTileTest|x86.ActiveCfg = Release|Any CPU
		{6FA5AC47-653A-4634-8BCA-CF68BA33F884}.Release|Any CPU.ActiveCfg = Release|Any CPU
		{6FA5AC47-653A-4634-8BCA-CF68BA33F884}.Release|Any CPU.Build.0 = Release|Any CPU
		{6FA5AC47-653A-4634-8BCA-CF68BA33F884}.Release|ARM.ActiveCfg = Release|Any CPU
		{6FA5AC47-653A-4634-8BCA-CF68BA33F884}.Release|x86.ActiveCfg = Release|Any CPU
		{138ABB5D-6F58-4D53-840A-9B02A3A11AC5}.Debug|Any CPU.ActiveCfg = Debug|Any CPU
		{138ABB5D-6F58-4D53-840A-9B02A3A11AC5}.Debug|Any CPU.Build.0 = Debug|Any CPU
		{138ABB5D-6F58-4D53-840A-9B02A3A11AC5}.Debug|ARM.ActiveCfg = Debug|ARM
		{138ABB5D-6F58-4D53-840A-9B02A3A11AC5}.Debug|ARM.Build.0 = Debug|ARM
		{138ABB5D-6F58-4D53-840A-9B02A3A11AC5}.Debug|x86.ActiveCfg = Debug|x86
		{138ABB5D-6F58-4D53-840A-9B02A3A11AC5}.Debug|x86.Build.0 = Debug|x86
		{138ABB5D-6F58-4D53-840A-9B02A3A11AC5}.LiveTileTest|Any CPU.ActiveCfg = Release|Any CPU
		{138ABB5D-6F58-4D53-840A-9B02A3A11AC5}.LiveTileTest|Any CPU.Build.0 = Release|Any CPU
		{138ABB5D-6F58-4D53-840A-9B02A3A11AC5}.LiveTileTest|ARM.ActiveCfg = Release|ARM
		{138ABB5D-6F58-4D53-840A-9B02A3A11AC5}.LiveTileTest|ARM.Build.0 = Release|ARM
		{138ABB5D-6F58-4D53-840A-9B02A3A11AC5}.LiveTileTest|x86.ActiveCfg = Release|x86
		{138ABB5D-6F58-4D53-840A-9B02A3A11AC5}.LiveTileTest|x86.Build.0 = Release|x86
		{138ABB5D-6F58-4D53-840A-9B02A3A11AC5}.Release|Any CPU.ActiveCfg = Release|Any CPU
		{138ABB5D-6F58-4D53-840A-9B02A3A11AC5}.Release|Any CPU.Build.0 = Release|Any CPU
		{138ABB5D-6F58-4D53-840A-9B02A3A11AC5}.Release|ARM.ActiveCfg = Release|ARM
		{138ABB5D-6F58-4D53-840A-9B02A3A11AC5}.Release|ARM.Build.0 = Release|ARM
		{138ABB5D-6F58-4D53-840A-9B02A3A11AC5}.Release|x86.ActiveCfg = Release|x86
		{138ABB5D-6F58-4D53-840A-9B02A3A11AC5}.Release|x86.Build.0 = Release|x86
		{4DE08ED8-9EBD-4295-B36D-3A785805C2E9}.Debug|Any CPU.ActiveCfg = Debug|Any CPU
		{4DE08ED8-9EBD-4295-B36D-3A785805C2E9}.Debug|Any CPU.Build.0 = Debug|Any CPU
		{4DE08ED8-9EBD-4295-B36D-3A785805C2E9}.Debug|ARM.ActiveCfg = Debug|ARM
		{4DE08ED8-9EBD-4295-B36D-3A785805C2E9}.Debug|ARM.Build.0 = Debug|ARM
		{4DE08ED8-9EBD-4295-B36D-3A785805C2E9}.Debug|x86.ActiveCfg = Debug|x86
		{4DE08ED8-9EBD-4295-B36D-3A785805C2E9}.Debug|x86.Build.0 = Debug|x86
		{4DE08ED8-9EBD-4295-B36D-3A785805C2E9}.LiveTileTest|Any CPU.ActiveCfg = Release|Any CPU
		{4DE08ED8-9EBD-4295-B36D-3A785805C2E9}.LiveTileTest|Any CPU.Build.0 = Release|Any CPU
		{4DE08ED8-9EBD-4295-B36D-3A785805C2E9}.LiveTileTest|ARM.ActiveCfg = Release|ARM
		{4DE08ED8-9EBD-4295-B36D-3A785805C2E9}.LiveTileTest|ARM.Build.0 = Release|ARM
		{4DE08ED8-9EBD-4295-B36D-3A785805C2E9}.LiveTileTest|x86.ActiveCfg = Release|x86
		{4DE08ED8-9EBD-4295-B36D-3A785805C2E9}.LiveTileTest|x86.Build.0 = Release|x86
		{4DE08ED8-9EBD-4295-B36D-3A785805C2E9}.Release|Any CPU.ActiveCfg = Release|Any CPU
		{4DE08ED8-9EBD-4295-B36D-3A785805C2E9}.Release|Any CPU.Build.0 = Release|Any CPU
		{4DE08ED8-9EBD-4295-B36D-3A785805C2E9}.Release|ARM.ActiveCfg = Release|ARM
		{4DE08ED8-9EBD-4295-B36D-3A785805C2E9}.Release|ARM.Build.0 = Release|ARM
		{4DE08ED8-9EBD-4295-B36D-3A785805C2E9}.Release|x86.ActiveCfg = Release|x86
		{4DE08ED8-9EBD-4295-B36D-3A785805C2E9}.Release|x86.Build.0 = Release|x86
		{75F2F4B1-BEB2-4AC6-A935-5A795C5A79A0}.Debug|Any CPU.ActiveCfg = Debug|Any CPU
		{75F2F4B1-BEB2-4AC6-A935-5A795C5A79A0}.Debug|Any CPU.Build.0 = Debug|Any CPU
		{75F2F4B1-BEB2-4AC6-A935-5A795C5A79A0}.Debug|ARM.ActiveCfg = Debug|Any CPU
		{75F2F4B1-BEB2-4AC6-A935-5A795C5A79A0}.Debug|x86.ActiveCfg = Debug|Any CPU
		{75F2F4B1-BEB2-4AC6-A935-5A795C5A79A0}.LiveTileTest|Any CPU.ActiveCfg = Release|Any CPU
		{75F2F4B1-BEB2-4AC6-A935-5A795C5A79A0}.LiveTileTest|Any CPU.Build.0 = Release|Any CPU
		{75F2F4B1-BEB2-4AC6-A935-5A795C5A79A0}.LiveTileTest|ARM.ActiveCfg = Release|Any CPU
		{75F2F4B1-BEB2-4AC6-A935-5A795C5A79A0}.LiveTileTest|x86.ActiveCfg = Release|Any CPU
		{75F2F4B1-BEB2-4AC6-A935-5A795C5A79A0}.Release|Any CPU.ActiveCfg = Release|Any CPU
		{75F2F4B1-BEB2-4AC6-A935-5A795C5A79A0}.Release|Any CPU.Build.0 = Release|Any CPU
		{75F2F4B1-BEB2-4AC6-A935-5A795C5A79A0}.Release|ARM.ActiveCfg = Release|Any CPU
		{75F2F4B1-BEB2-4AC6-A935-5A795C5A79A0}.Release|x86.ActiveCfg = Release|Any CPU
		{02F3363F-7B0F-4C5F-9123-B388F2870C35}.Debug|Any CPU.ActiveCfg = Debug|Any CPU
		{02F3363F-7B0F-4C5F-9123-B388F2870C35}.Debug|Any CPU.Build.0 = Debug|Any CPU
		{02F3363F-7B0F-4C5F-9123-B388F2870C35}.Debug|ARM.ActiveCfg = Debug|Any CPU
		{02F3363F-7B0F-4C5F-9123-B388F2870C35}.Debug|x86.ActiveCfg = Debug|Any CPU
		{02F3363F-7B0F-4C5F-9123-B388F2870C35}.LiveTileTest|Any CPU.ActiveCfg = Release|Any CPU
		{02F3363F-7B0F-4C5F-9123-B388F2870C35}.LiveTileTest|Any CPU.Build.0 = Release|Any CPU
		{02F3363F-7B0F-4C5F-9123-B388F2870C35}.LiveTileTest|ARM.ActiveCfg = Release|Any CPU
		{02F3363F-7B0F-4C5F-9123-B388F2870C35}.LiveTileTest|x86.ActiveCfg = Release|Any CPU
		{02F3363F-7B0F-4C5F-9123-B388F2870C35}.Release|Any CPU.ActiveCfg = Release|Any CPU
		{02F3363F-7B0F-4C5F-9123-B388F2870C35}.Release|Any CPU.Build.0 = Release|Any CPU
		{02F3363F-7B0F-4C5F-9123-B388F2870C35}.Release|ARM.ActiveCfg = Release|Any CPU
		{02F3363F-7B0F-4C5F-9123-B388F2870C35}.Release|x86.ActiveCfg = Release|Any CPU
	EndGlobalSection
	GlobalSection(SolutionProperties) = preSolution
		HideSolutionNode = FALSE
	EndGlobalSection
	GlobalSection(NestedProjects) = preSolution
		{486642F0-AB94-4F28-B49C-106CA3134239} = {0FBFBAAB-7E43-4C4A-BCBC-93C5F090C614}
		{824FCA1A-DCA7-4DF2-AC4A-B91254469261} = {0FBFBAAB-7E43-4C4A-BCBC-93C5F090C614}
		{0AB5B0D6-A1C4-4B7E-8C8B-32FFEC480AB3} = {0FBFBAAB-7E43-4C4A-BCBC-93C5F090C614}
		{60A15747-8A97-4E97-8130-132D9A1B8036} = {0FBFBAAB-7E43-4C4A-BCBC-93C5F090C614}
		{4ADFA599-2A57-413A-BB47-5428DD9CE365} = {0FBFBAAB-7E43-4C4A-BCBC-93C5F090C614}
		{F1427654-CE40-41B2-8BE8-CA195CB334F6} = {0FBFBAAB-7E43-4C4A-BCBC-93C5F090C614}
		{44789FF4-AC39-4FC8-9998-1F9BFD3F97F2} = {0FBFBAAB-7E43-4C4A-BCBC-93C5F090C614}
		{DBC9F99C-29A8-4362-AD9D-BD1DE0597529} = {0FBFBAAB-7E43-4C4A-BCBC-93C5F090C614}
		{753AE27A-87EB-4C38-827B-8202FD0903FA} = {0FBFBAAB-7E43-4C4A-BCBC-93C5F090C614}
		{92538D48-A044-4BD6-A969-2CB5C0A2169A} = {0FBFBAAB-7E43-4C4A-BCBC-93C5F090C614}
		{08D34871-AC83-46CD-B0D1-2325E2F492C5} = {0FBFBAAB-7E43-4C4A-BCBC-93C5F090C614}
		{416F3DD2-E884-4DB3-AE23-5E77D3E24D87} = {0FBFBAAB-7E43-4C4A-BCBC-93C5F090C614}
		{481B8D82-87B3-4E43-B4FB-B81196EBD11D} = {0FBFBAAB-7E43-4C4A-BCBC-93C5F090C614}
		{E097DBFA-C911-49ED-9189-0ACEB2AE2976} = {0FBFBAAB-7E43-4C4A-BCBC-93C5F090C614}
		{48F5F213-E352-4B14-8DE9-80415AFA15CE} = {0FBFBAAB-7E43-4C4A-BCBC-93C5F090C614}
		{09AC45C7-27E8-4A39-B2C4-0031111595D5} = {0FBFBAAB-7E43-4C4A-BCBC-93C5F090C614}
		{33663DA7-03CD-4A5C-92E5-46701BCF8B36} = {070D2AE9-1E39-4974-B7F4-98764002CA25}
		{099E7718-8767-47F4-AB1C-2DF71362AD06} = {070D2AE9-1E39-4974-B7F4-98764002CA25}
		{C9788E54-62AF-4F51-B48B-2C027228F82E} = {070D2AE9-1E39-4974-B7F4-98764002CA25}
		{F7DD85D6-5809-4D2F-AB5E-1CED0F6A6105} = {070D2AE9-1E39-4974-B7F4-98764002CA25}
		{10FF9361-A632-4424-9ED4-32208FAD73D4} = {070D2AE9-1E39-4974-B7F4-98764002CA25}
		{177CCE16-AABD-4C84-9AC9-FD1E28F489D4} = {33663DA7-03CD-4A5C-92E5-46701BCF8B36}
		{EC233A10-6022-42DD-9D28-9206535A8EAD} = {33663DA7-03CD-4A5C-92E5-46701BCF8B36}
		{9A2E38EF-127D-4A69-885D-AE5EFC7858FC} = {33663DA7-03CD-4A5C-92E5-46701BCF8B36}
		{E685135B-C889-4F51-96F9-69B968BEDF29} = {33663DA7-03CD-4A5C-92E5-46701BCF8B36}
		{435958BC-0027-4288-94BB-F14F844BE645} = {33663DA7-03CD-4A5C-92E5-46701BCF8B36}
		{25CD2B58-6F01-49F3-ACE6-492029C05E3B} = {33663DA7-03CD-4A5C-92E5-46701BCF8B36}
		{4F5D363A-1F0F-4B12-8859-2A083E8ACBAF} = {33663DA7-03CD-4A5C-92E5-46701BCF8B36}
		{0F188FC9-D10C-48DB-917A-FF1CB9C8E795} = {33663DA7-03CD-4A5C-92E5-46701BCF8B36}
		{D326F8C2-8DCF-43D4-9BAD-BC07CA6D6CCE} = {33663DA7-03CD-4A5C-92E5-46701BCF8B36}
		{0A9019E4-E76F-4FAC-A5C7-70F32CF5E2C1} = {33663DA7-03CD-4A5C-92E5-46701BCF8B36}
		{CCE98720-6054-4EF8-BA8C-14821B35EC1D} = {33663DA7-03CD-4A5C-92E5-46701BCF8B36}
		{6FA5AC47-653A-4634-8BCA-CF68BA33F884} = {33663DA7-03CD-4A5C-92E5-46701BCF8B36}
		{138ABB5D-6F58-4D53-840A-9B02A3A11AC5} = {33663DA7-03CD-4A5C-92E5-46701BCF8B36}
		{75F2F4B1-BEB2-4AC6-A935-5A795C5A79A0} = {33663DA7-03CD-4A5C-92E5-46701BCF8B36}
		{02F3363F-7B0F-4C5F-9123-B388F2870C35} = {33663DA7-03CD-4A5C-92E5-46701BCF8B36}
		{E6306A9C-83D5-4C61-89A3-9A6E4BC15C5A} = {08D34871-AC83-46CD-B0D1-2325E2F492C5}
		{59902EDE-3578-414E-A290-667093009567} = {08D34871-AC83-46CD-B0D1-2325E2F492C5}
		{57829D03-1D27-4FC2-BE5A-6FD51AACBC71} = {08D34871-AC83-46CD-B0D1-2325E2F492C5}
	EndGlobalSection
EndGlobal
